// !$*UTF8*$!
{
	archiveVersion = 1;
	classes = {
	};
	objectVersion = 56;
	objects = {

/* Begin PBXBuildFile section */
		F61702622B0EF8AE003816F7 /* imsobbing.swift in Sources */ = {isa = PBXBuildFile; fileRef = F61702612B0EF8AE003816F7 /* imsobbing.swift */; };
		F61702642B1161B7003816F7 /* Profile.swift in Sources */ = {isa = PBXBuildFile; fileRef = F61702632B1161B7003816F7 /* Profile.swift */; };
		F61702712B11BD9D003816F7 /* WrappingHStack in Frameworks */ = {isa = PBXBuildFile; productRef = F61702702B11BD9D003816F7 /* WrappingHStack */; };
		F626855E2AFC3403002A02EA /* EditableVideo.swift in Sources */ = {isa = PBXBuildFile; fileRef = F626855D2AFC3403002A02EA /* EditableVideo.swift */; };
		F62685622AFC3720002A02EA /* editorElements.swift in Sources */ = {isa = PBXBuildFile; fileRef = F62685612AFC3720002A02EA /* editorElements.swift */; };
		F63432572AC7A14B00E756BA /* FirebaseAuth in Frameworks */ = {isa = PBXBuildFile; productRef = F63432562AC7A14B00E756BA /* FirebaseAuth */; };
		F634325B2AC7A1B400E756BA /* LoginView.swift in Sources */ = {isa = PBXBuildFile; fileRef = F634325A2AC7A1B400E756BA /* LoginView.swift */; };
		F634325F2AC7BDAF00E756BA /* ContentView.swift in Sources */ = {isa = PBXBuildFile; fileRef = F634325E2AC7BDAF00E756BA /* ContentView.swift */; };
		F63432622AC7C62700E756BA /* FirebaseAnalytics in Frameworks */ = {isa = PBXBuildFile; productRef = F63432612AC7C62700E756BA /* FirebaseAnalytics */; };
		F63432642AC7CA7200E756BA /* FirebaseFirestore in Frameworks */ = {isa = PBXBuildFile; productRef = F63432632AC7CA7200E756BA /* FirebaseFirestore */; };
		F63432662AC7CA7200E756BA /* FirebaseFirestoreSwift in Frameworks */ = {isa = PBXBuildFile; productRef = F63432652AC7CA7200E756BA /* FirebaseFirestoreSwift */; };
		F63432682AC7CA7200E756BA /* FirebaseStorage in Frameworks */ = {isa = PBXBuildFile; productRef = F63432672AC7CA7200E756BA /* FirebaseStorage */; };
		F634326A2AC7CC1500E756BA /* User.swift in Sources */ = {isa = PBXBuildFile; fileRef = F63432692AC7CC1500E756BA /* User.swift */; };
		F634326E2AC7D94C00E756BA /* GoogleService-Info.plist in Resources */ = {isa = PBXBuildFile; fileRef = F634326D2AC7D94C00E756BA /* GoogleService-Info.plist */; };
		F63432702AC7DDC700E756BA /* LoadingView.swift in Sources */ = {isa = PBXBuildFile; fileRef = F634326F2AC7DDC700E756BA /* LoadingView.swift */; };
		F63432732AC7E32B00E756BA /* RegisterView.swift in Sources */ = {isa = PBXBuildFile; fileRef = F63432722AC7E32A00E756BA /* RegisterView.swift */; };
		F63432752AC7E44E00E756BA /* Views and Extensions.swift in Sources */ = {isa = PBXBuildFile; fileRef = F63432742AC7E44E00E756BA /* Views and Extensions.swift */; };
		F63432792AC7E66900E756BA /* MainView.swift in Sources */ = {isa = PBXBuildFile; fileRef = F63432782AC7E66900E756BA /* MainView.swift */; };
		F634327B2AC7E72E00E756BA /* ProfileView.swift in Sources */ = {isa = PBXBuildFile; fileRef = F634327A2AC7E72E00E756BA /* ProfileView.swift */; };
		F634327D2AC7EF1800E756BA /* ReusableProfileContent.swift in Sources */ = {isa = PBXBuildFile; fileRef = F634327C2AC7EF1800E756BA /* ReusableProfileContent.swift */; };
		F63432802AC7F26E00E756BA /* SDWebImageSwiftUI in Frameworks */ = {isa = PBXBuildFile; productRef = F634327F2AC7F26E00E756BA /* SDWebImageSwiftUI */; };
		F647CDB62AD4A53D00D362DB /* CreateNewPost.swift in Sources */ = {isa = PBXBuildFile; fileRef = F647CDB52AD4A53C00D362DB /* CreateNewPost.swift */; };
		F647CDB82AD4A57200D362DB /* Post.swift in Sources */ = {isa = PBXBuildFile; fileRef = F647CDB72AD4A57200D362DB /* Post.swift */; };
		F647CDBA2AD4B47500D362DB /* PostsView.swift in Sources */ = {isa = PBXBuildFile; fileRef = F647CDB92AD4B47500D362DB /* PostsView.swift */; };
		F647CDBC2AD4B71B00D362DB /* ReusablePostsView.swift in Sources */ = {isa = PBXBuildFile; fileRef = F647CDBB2AD4B71B00D362DB /* ReusablePostsView.swift */; };
		F647CDBE2AD4BAC900D362DB /* PostCardView.swift in Sources */ = {isa = PBXBuildFile; fileRef = F647CDBD2AD4BAC900D362DB /* PostCardView.swift */; };
		F647CDC32AD4CC1F00D362DB /* SearchUserView.swift in Sources */ = {isa = PBXBuildFile; fileRef = F647CDC22AD4CC1F00D362DB /* SearchUserView.swift */; };
		F647CDC92AD649F200D362DB /* EditableImage.swift in Sources */ = {isa = PBXBuildFile; fileRef = F647CDC82AD649F200D362DB /* EditableImage.swift */; };
		F647CDCB2AD64A0600D362DB /* EditableText.swift in Sources */ = {isa = PBXBuildFile; fileRef = F647CDCA2AD64A0600D362DB /* EditableText.swift */; };
		F647CDCD2AD64AF400D362DB /* SideButtons.swift in Sources */ = {isa = PBXBuildFile; fileRef = F647CDCC2AD64AF400D362DB /* SideButtons.swift */; };
		F647CDCF2AD64B5200D362DB /* BottomButtons.swift in Sources */ = {isa = PBXBuildFile; fileRef = F647CDCE2AD64B5200D362DB /* BottomButtons.swift */; };
		F647CDD12AD64BCE00D362DB /* Background.swift in Sources */ = {isa = PBXBuildFile; fileRef = F647CDD02AD64BCE00D362DB /* Background.swift */; };
		F647CDD32AD6725400D362DB /* PostConfirmation.swift in Sources */ = {isa = PBXBuildFile; fileRef = F647CDD22AD6725400D362DB /* PostConfirmation.swift */; };
		F6494D9F2B198D6200630504 /* ProfileViews.swift in Sources */ = {isa = PBXBuildFile; fileRef = F6494D9E2B198D6200630504 /* ProfileViews.swift */; };
		F6494DA12B19CDC900630504 /* Message.swift in Sources */ = {isa = PBXBuildFile; fileRef = F6494DA02B19CDC900630504 /* Message.swift */; };
		F65DCBA42AD89806002B878C /* imgElements.swift in Sources */ = {isa = PBXBuildFile; fileRef = F65DCBA32AD89806002B878C /* imgElements.swift */; };
		F65DCBA62AD89FBC002B878C /* Global Variables.swift in Sources */ = {isa = PBXBuildFile; fileRef = F65DCBA52AD89FBC002B878C /* Global Variables.swift */; };
		F67CBE452B225FD10019E7DF /* ProfileBar.swift in Sources */ = {isa = PBXBuildFile; fileRef = F67CBE442B225FD10019E7DF /* ProfileBar.swift */; };
		F67CBE472B228C580019E7DF /* profileElement.swift in Sources */ = {isa = PBXBuildFile; fileRef = F67CBE462B228C580019E7DF /* profileElement.swift */; };
		F67CBE4B2B22A6630019E7DF /* ProfileQuestionView.swift in Sources */ = {isa = PBXBuildFile; fileRef = F67CBE4A2B22A6630019E7DF /* ProfileQuestionView.swift */; };
		F6964A992AF9C14A000E9C94 /* Trash.swift in Sources */ = {isa = PBXBuildFile; fileRef = F6964A982AF9C14A000E9C94 /* Trash.swift */; };
		F6964A9B2AF9CD29000E9C94 /* RewindButton.swift in Sources */ = {isa = PBXBuildFile; fileRef = F6964A9A2AF9CD29000E9C94 /* RewindButton.swift */; };
		F6964A9D2AF9DDD5000E9C94 /* FontPicker.swift in Sources */ = {isa = PBXBuildFile; fileRef = F6964A9C2AF9DDD5000E9C94 /* FontPicker.swift */; };
		F6964AA12AF9F0A8000E9C94 /* TransparencySlider.swift in Sources */ = {isa = PBXBuildFile; fileRef = F6964AA02AF9F0A8000E9C94 /* TransparencySlider.swift */; };
		F6964AA32AF9F447000E9C94 /* DrawingView.swift in Sources */ = {isa = PBXBuildFile; fileRef = F6964AA22AF9F447000E9C94 /* DrawingView.swift */; };
		F6C3BD832AF1DAAD00DD4405 /* Comment.swift in Sources */ = {isa = PBXBuildFile; fileRef = F6C3BD822AF1DAAD00DD4405 /* Comment.swift */; };
		F6C3BD852AF1ED2300DD4405 /* CommentFeed.swift in Sources */ = {isa = PBXBuildFile; fileRef = F6C3BD842AF1ED2300DD4405 /* CommentFeed.swift */; };
		F6C3BD872AF1EDE100DD4405 /* ReusableCommentView.swift in Sources */ = {isa = PBXBuildFile; fileRef = F6C3BD862AF1EDE100DD4405 /* ReusableCommentView.swift */; };
		F6C3BD892AF1F0A600DD4405 /* CommentView.swift in Sources */ = {isa = PBXBuildFile; fileRef = F6C3BD882AF1F0A600DD4405 /* CommentView.swift */; };
		F6C3BD8F2AF5A9ED00DD4405 /* ColorPicker.swift in Sources */ = {isa = PBXBuildFile; fileRef = F6C3BD8E2AF5A9ED00DD4405 /* ColorPicker.swift */; };
		F6C3BD912AF5ABAA00DD4405 /* EditableShape.swift in Sources */ = {isa = PBXBuildFile; fileRef = F6C3BD902AF5ABAA00DD4405 /* EditableShape.swift */; };
		F6C8DC2029DF7CEF0014849C /* PopperApp.swift in Sources */ = {isa = PBXBuildFile; fileRef = F6C8DC1F29DF7CEF0014849C /* PopperApp.swift */; };
		F6C8DC2229DF7CEF0014849C /* Editor.swift in Sources */ = {isa = PBXBuildFile; fileRef = F6C8DC2129DF7CEF0014849C /* Editor.swift */; };
		F6C8DC2429DF7CF00014849C /* Assets.xcassets in Resources */ = {isa = PBXBuildFile; fileRef = F6C8DC2329DF7CF00014849C /* Assets.xcassets */; };
		F6C8DC2729DF7CF00014849C /* Preview Assets.xcassets in Resources */ = {isa = PBXBuildFile; fileRef = F6C8DC2629DF7CF00014849C /* Preview Assets.xcassets */; };
		F6C8DC3129DF7CF10014849C /* PopperTests.swift in Sources */ = {isa = PBXBuildFile; fileRef = F6C8DC3029DF7CF10014849C /* PopperTests.swift */; };
		F6C8DC3B29DF7CF10014849C /* PopperUITests.swift in Sources */ = {isa = PBXBuildFile; fileRef = F6C8DC3A29DF7CF10014849C /* PopperUITests.swift */; };
		F6C8DC3D29DF7CF10014849C /* PopperUITestsLaunchTests.swift in Sources */ = {isa = PBXBuildFile; fileRef = F6C8DC3C29DF7CF10014849C /* PopperUITestsLaunchTests.swift */; };
		F6D6DD3329DF8198003727B2 /* Feed.swift in Sources */ = {isa = PBXBuildFile; fileRef = F6D6DD3229DF8198003727B2 /* Feed.swift */; };
		F6E21E432B15912B00B1D4CF /* PostLayout.swift in Sources */ = {isa = PBXBuildFile; fileRef = F6E21E422B15912B00B1D4CF /* PostLayout.swift */; };
		F6E21E472B15A02900B1D4CF /* SwiftUIView.swift in Sources */ = {isa = PBXBuildFile; fileRef = F6E21E462B15A02900B1D4CF /* SwiftUIView.swift */; };
		F6FF24632B032066007F61BA /* EditableElement.swift in Sources */ = {isa = PBXBuildFile; fileRef = F6FF24622B032066007F61BA /* EditableElement.swift */; };
		F6FF24652B033041007F61BA /* ElementView.swift in Sources */ = {isa = PBXBuildFile; fileRef = F6FF24642B033041007F61BA /* ElementView.swift */; };
		F6FF24672B045D47007F61BA /* ElementLock.swift in Sources */ = {isa = PBXBuildFile; fileRef = F6FF24662B045D47007F61BA /* ElementLock.swift */; };
		F6FF246B2B046DB0007F61BA /* audioButton.swift in Sources */ = {isa = PBXBuildFile; fileRef = F6FF246A2B046DB0007F61BA /* audioButton.swift */; };
		F6FF246D2B0486EA007F61BA /* ExitConfirmation.swift in Sources */ = {isa = PBXBuildFile; fileRef = F6FF246C2B0486EA007F61BA /* ExitConfirmation.swift */; };
		F6FF24702B06CCED007F61BA /* GiphyUISDK in Frameworks */ = {isa = PBXBuildFile; productRef = F6FF246F2B06CCED007F61BA /* GiphyUISDK */; };
		F6FF24722B06CE1A007F61BA /* GifSelector.swift in Sources */ = {isa = PBXBuildFile; fileRef = F6FF24712B06CE19007F61BA /* GifSelector.swift */; };
		F6FF24752B06E19E007F61BA /* EditableSticker.swift in Sources */ = {isa = PBXBuildFile; fileRef = F6FF24742B06E19E007F61BA /* EditableSticker.swift */; };
		F6FF24772B07545D007F61BA /* PollView.swift in Sources */ = {isa = PBXBuildFile; fileRef = F6FF24762B07545D007F61BA /* PollView.swift */; };
		F6FF24932B084371007F61BA /* OldLondon.ttf in Resources */ = {isa = PBXBuildFile; fileRef = F6FF247A2B084032007F61BA /* OldLondon.ttf */; };
		F6FF24942B084373007F61BA /* Louis George Cafe.ttf in Resources */ = {isa = PBXBuildFile; fileRef = F6FF247B2B084063007F61BA /* Louis George Cafe.ttf */; };
		F6FF24952B084375007F61BA /* SCRIPTIN.ttf in Resources */ = {isa = PBXBuildFile; fileRef = F6FF247C2B084071007F61BA /* SCRIPTIN.ttf */; };
		F6FF24962B084378007F61BA /* Montserrat-Regular.ttf in Resources */ = {isa = PBXBuildFile; fileRef = F6FF247D2B08408E007F61BA /* Montserrat-Regular.ttf */; };
		F6FF24972B08437A007F61BA /* PlayfairDisplay-Regular.ttf in Resources */ = {isa = PBXBuildFile; fileRef = F6FF247E2B0840B0007F61BA /* PlayfairDisplay-Regular.ttf */; };
		F6FF24982B08437C007F61BA /* Nunito-Regular.ttf in Resources */ = {isa = PBXBuildFile; fileRef = F6FF247F2B0840C8007F61BA /* Nunito-Regular.ttf */; };
		F6FF24992B08437E007F61BA /* Lato-Regular.ttf in Resources */ = {isa = PBXBuildFile; fileRef = F6FF24802B0840F2007F61BA /* Lato-Regular.ttf */; };
		F6FF249A2B084380007F61BA /* Rubik-Regular.ttf in Resources */ = {isa = PBXBuildFile; fileRef = F6FF24812B084119007F61BA /* Rubik-Regular.ttf */; };
		F6FF249B2B084382007F61BA /* JosefinSans-Regular.ttf in Resources */ = {isa = PBXBuildFile; fileRef = F6FF24822B084149007F61BA /* JosefinSans-Regular.ttf */; };
		F6FF249C2B084384007F61BA /* BebasNeue-Regular.ttf in Resources */ = {isa = PBXBuildFile; fileRef = F6FF24832B08417B007F61BA /* BebasNeue-Regular.ttf */; };
		F6FF249D2B084386007F61BA /* BarlowCondensed-Regular.ttf in Resources */ = {isa = PBXBuildFile; fileRef = F6FF24842B0841B4007F61BA /* BarlowCondensed-Regular.ttf */; };
		F6FF249E2B084388007F61BA /* SourceCodePro-Regular.ttf in Resources */ = {isa = PBXBuildFile; fileRef = F6FF24852B0841C0007F61BA /* SourceCodePro-Regular.ttf */; };
		F6FF249F2B08438B007F61BA /* Cabin-Bold.ttf in Resources */ = {isa = PBXBuildFile; fileRef = F6FF24862B0841D4007F61BA /* Cabin-Bold.ttf */; };
		F6FF24A02B084393007F61BA /* DancingScript-Regular.ttf in Resources */ = {isa = PBXBuildFile; fileRef = F6FF24872B0841F3007F61BA /* DancingScript-Regular.ttf */; };
		F6FF24A12B084395007F61BA /* Pacifico-Regular.ttf in Resources */ = {isa = PBXBuildFile; fileRef = F6FF24882B084200007F61BA /* Pacifico-Regular.ttf */; };
		F6FF24A22B084397007F61BA /* Caveat-Regular.ttf in Resources */ = {isa = PBXBuildFile; fileRef = F6FF24892B08420F007F61BA /* Caveat-Regular.ttf */; };
		F6FF24A32B08439A007F61BA /* ShadowsIntoLight-Regular.ttf in Resources */ = {isa = PBXBuildFile; fileRef = F6FF248A2B08421C007F61BA /* ShadowsIntoLight-Regular.ttf */; };
		F6FF24A52B08439F007F61BA /* IndieFlower-Regular.ttf in Resources */ = {isa = PBXBuildFile; fileRef = F6FF248C2B084237007F61BA /* IndieFlower-Regular.ttf */; };
		F6FF24A62B0843A1007F61BA /* PermanentMarker-Regular.ttf in Resources */ = {isa = PBXBuildFile; fileRef = F6FF248D2B084242007F61BA /* PermanentMarker-Regular.ttf */; };
		F6FF24A82B0843A5007F61BA /* Kalam-Regular.ttf in Resources */ = {isa = PBXBuildFile; fileRef = F6FF248F2B08425E007F61BA /* Kalam-Regular.ttf */; };
		F6FF24A92B0843A7007F61BA /* GreatVibes-Regular.ttf in Resources */ = {isa = PBXBuildFile; fileRef = F6FF24902B084269007F61BA /* GreatVibes-Regular.ttf */; };
		F6FF24AB2B0843AB007F61BA /* CaviarDreams_Italic.ttf in Resources */ = {isa = PBXBuildFile; fileRef = F6FF24922B0842A8007F61BA /* CaviarDreams_Italic.ttf */; };
		F6FF24AE2B084C55007F61BA /* Roboto-Bold.ttf in Resources */ = {isa = PBXBuildFile; fileRef = F6FF24AD2B084C4F007F61BA /* Roboto-Bold.ttf */; };
		F6FF24B02B08511C007F61BA /* Montserrat-ExtraBold.ttf in Resources */ = {isa = PBXBuildFile; fileRef = F6FF24AF2B08511C007F61BA /* Montserrat-ExtraBold.ttf */; };
		F6FF24B22B08522C007F61BA /* Nunito-ExtraBold.ttf in Resources */ = {isa = PBXBuildFile; fileRef = F6FF24B12B085208007F61BA /* Nunito-ExtraBold.ttf */; };
		F6FF24B42B085336007F61BA /* AmaticSC-Bold.ttf in Resources */ = {isa = PBXBuildFile; fileRef = F6FF24B32B085336007F61BA /* AmaticSC-Bold.ttf */; };
		F6FF24B62B0853EE007F61BA /* ChakraPetch-Bold.ttf in Resources */ = {isa = PBXBuildFile; fileRef = F6FF24B52B0853EE007F61BA /* ChakraPetch-Bold.ttf */; };
		F6FF24B82B08544E007F61BA /* Caveat-SemiBold.ttf in Resources */ = {isa = PBXBuildFile; fileRef = F6FF24B72B085444007F61BA /* Caveat-SemiBold.ttf */; };
		F6FF24BA2B0854B7007F61BA /* DancingScript-Bold.ttf in Resources */ = {isa = PBXBuildFile; fileRef = F6FF24B92B0854B7007F61BA /* DancingScript-Bold.ttf */; };
		F6FF24BC2B085503007F61BA /* BarlowCondensed-Bold.ttf in Resources */ = {isa = PBXBuildFile; fileRef = F6FF24BB2B085503007F61BA /* BarlowCondensed-Bold.ttf */; };
		F6FF24BE2B085768007F61BA /* BarlowCondensed-Medium.ttf in Resources */ = {isa = PBXBuildFile; fileRef = F6FF24BD2B085767007F61BA /* BarlowCondensed-Medium.ttf */; };
		F6FF24C02B085C97007F61BA /* EditablePoll.swift in Sources */ = {isa = PBXBuildFile; fileRef = F6FF24BF2B085C97007F61BA /* EditablePoll.swift */; };
		F6FF24C32B086045007F61BA /* SharedEditState.swift in Sources */ = {isa = PBXBuildFile; fileRef = F6FF24C22B086045007F61BA /* SharedEditState.swift */; };
		F6FF24C62B089DC3007F61BA /* PostImageView.swift in Sources */ = {isa = PBXBuildFile; fileRef = F6FF24C52B089DC3007F61BA /* PostImageView.swift */; };
		F6FF24C82B089E18007F61BA /* PostTextsView.swift in Sources */ = {isa = PBXBuildFile; fileRef = F6FF24C72B089E18007F61BA /* PostTextsView.swift */; };
		F6FF24CA2B08A2D4007F61BA /* PostShapeView.swift in Sources */ = {isa = PBXBuildFile; fileRef = F6FF24C92B08A2D4007F61BA /* PostShapeView.swift */; };
		F6FF24CC2B08A4CF007F61BA /* PostVideoView.swift in Sources */ = {isa = PBXBuildFile; fileRef = F6FF24CB2B08A4CF007F61BA /* PostVideoView.swift */; };
		F6FF24CE2B08A81C007F61BA /* PostPollView.swift in Sources */ = {isa = PBXBuildFile; fileRef = F6FF24CD2B08A81C007F61BA /* PostPollView.swift */; };
		F6FF24D02B08B028007F61BA /* postElements.swift in Sources */ = {isa = PBXBuildFile; fileRef = F6FF24CF2B08B028007F61BA /* postElements.swift */; };
		F6FF24D32B08B29C007F61BA /* postElementView.swift in Sources */ = {isa = PBXBuildFile; fileRef = F6FF24D22B08B29C007F61BA /* postElementView.swift */; };
		F6FF24D52B08B3DB007F61BA /* PostElement.swift in Sources */ = {isa = PBXBuildFile; fileRef = F6FF24D42B08B3DB007F61BA /* PostElement.swift */; };
		F6FF24D72B08B4F9007F61BA /* PostRewindButton.swift in Sources */ = {isa = PBXBuildFile; fileRef = F6FF24D62B08B4F9007F61BA /* PostRewindButton.swift */; };
		F6FF24DD2B09AE74007F61BA /* please.swift in Sources */ = {isa = PBXBuildFile; fileRef = F6FF24DC2B09AE74007F61BA /* please.swift */; };
		F6FF24E02B09C179007F61BA /* textToEditableImg.swift in Sources */ = {isa = PBXBuildFile; fileRef = F6FF24DF2B09C179007F61BA /* textToEditableImg.swift */; };
		F6FF24E22B09D110007F61BA /* PostStickerView.swift in Sources */ = {isa = PBXBuildFile; fileRef = F6FF24E12B09D110007F61BA /* PostStickerView.swift */; };
/* End PBXBuildFile section */

/* Begin PBXContainerItemProxy section */
		F6C8DC2D29DF7CF10014849C /* PBXContainerItemProxy */ = {
			isa = PBXContainerItemProxy;
			containerPortal = F6C8DC1429DF7CEF0014849C /* Project object */;
			proxyType = 1;
			remoteGlobalIDString = F6C8DC1B29DF7CEF0014849C;
			remoteInfo = Popper;
		};
		F6C8DC3729DF7CF10014849C /* PBXContainerItemProxy */ = {
			isa = PBXContainerItemProxy;
			containerPortal = F6C8DC1429DF7CEF0014849C /* Project object */;
			proxyType = 1;
			remoteGlobalIDString = F6C8DC1B29DF7CEF0014849C;
			remoteInfo = Popper;
		};
/* End PBXContainerItemProxy section */

/* Begin PBXFileReference section */
		F61702612B0EF8AE003816F7 /* imsobbing.swift */ = {isa = PBXFileReference; lastKnownFileType = sourcecode.swift; path = imsobbing.swift; sourceTree = "<group>"; };
		F61702632B1161B7003816F7 /* Profile.swift */ = {isa = PBXFileReference; lastKnownFileType = sourcecode.swift; path = Profile.swift; sourceTree = "<group>"; };
		F626855D2AFC3403002A02EA /* EditableVideo.swift */ = {isa = PBXFileReference; lastKnownFileType = sourcecode.swift; path = EditableVideo.swift; sourceTree = "<group>"; };
		F62685612AFC3720002A02EA /* editorElements.swift */ = {isa = PBXFileReference; lastKnownFileType = sourcecode.swift; path = editorElements.swift; sourceTree = "<group>"; };
		F634325A2AC7A1B400E756BA /* LoginView.swift */ = {isa = PBXFileReference; lastKnownFileType = sourcecode.swift; path = LoginView.swift; sourceTree = "<group>"; };
		F634325E2AC7BDAF00E756BA /* ContentView.swift */ = {isa = PBXFileReference; lastKnownFileType = sourcecode.swift; path = ContentView.swift; sourceTree = "<group>"; };
		F63432692AC7CC1500E756BA /* User.swift */ = {isa = PBXFileReference; lastKnownFileType = sourcecode.swift; path = User.swift; sourceTree = "<group>"; };
		F634326D2AC7D94C00E756BA /* GoogleService-Info.plist */ = {isa = PBXFileReference; fileEncoding = 4; lastKnownFileType = text.plist.xml; name = "GoogleService-Info.plist"; path = "../../../Downloads/GoogleService-Info.plist"; sourceTree = "<group>"; };
		F634326F2AC7DDC700E756BA /* LoadingView.swift */ = {isa = PBXFileReference; lastKnownFileType = sourcecode.swift; path = LoadingView.swift; sourceTree = "<group>"; };
		F63432722AC7E32A00E756BA /* RegisterView.swift */ = {isa = PBXFileReference; lastKnownFileType = sourcecode.swift; path = RegisterView.swift; sourceTree = "<group>"; };
		F63432742AC7E44E00E756BA /* Views and Extensions.swift */ = {isa = PBXFileReference; lastKnownFileType = sourcecode.swift; path = "Views and Extensions.swift"; sourceTree = "<group>"; };
		F63432782AC7E66900E756BA /* MainView.swift */ = {isa = PBXFileReference; lastKnownFileType = sourcecode.swift; path = MainView.swift; sourceTree = "<group>"; };
		F634327A2AC7E72E00E756BA /* ProfileView.swift */ = {isa = PBXFileReference; lastKnownFileType = sourcecode.swift; path = ProfileView.swift; sourceTree = "<group>"; };
		F634327C2AC7EF1800E756BA /* ReusableProfileContent.swift */ = {isa = PBXFileReference; lastKnownFileType = sourcecode.swift; path = ReusableProfileContent.swift; sourceTree = "<group>"; };
		F647CDB52AD4A53C00D362DB /* CreateNewPost.swift */ = {isa = PBXFileReference; lastKnownFileType = sourcecode.swift; path = CreateNewPost.swift; sourceTree = "<group>"; };
		F647CDB72AD4A57200D362DB /* Post.swift */ = {isa = PBXFileReference; lastKnownFileType = sourcecode.swift; path = Post.swift; sourceTree = "<group>"; };
		F647CDB92AD4B47500D362DB /* PostsView.swift */ = {isa = PBXFileReference; lastKnownFileType = sourcecode.swift; path = PostsView.swift; sourceTree = "<group>"; };
		F647CDBB2AD4B71B00D362DB /* ReusablePostsView.swift */ = {isa = PBXFileReference; lastKnownFileType = sourcecode.swift; path = ReusablePostsView.swift; sourceTree = "<group>"; };
		F647CDBD2AD4BAC900D362DB /* PostCardView.swift */ = {isa = PBXFileReference; lastKnownFileType = sourcecode.swift; path = PostCardView.swift; sourceTree = "<group>"; };
		F647CDC22AD4CC1F00D362DB /* SearchUserView.swift */ = {isa = PBXFileReference; lastKnownFileType = sourcecode.swift; path = SearchUserView.swift; sourceTree = "<group>"; };
		F647CDC82AD649F200D362DB /* EditableImage.swift */ = {isa = PBXFileReference; lastKnownFileType = sourcecode.swift; path = EditableImage.swift; sourceTree = "<group>"; };
		F647CDCA2AD64A0600D362DB /* EditableText.swift */ = {isa = PBXFileReference; lastKnownFileType = sourcecode.swift; path = EditableText.swift; sourceTree = "<group>"; };
		F647CDCC2AD64AF400D362DB /* SideButtons.swift */ = {isa = PBXFileReference; lastKnownFileType = sourcecode.swift; path = SideButtons.swift; sourceTree = "<group>"; };
		F647CDCE2AD64B5200D362DB /* BottomButtons.swift */ = {isa = PBXFileReference; lastKnownFileType = sourcecode.swift; path = BottomButtons.swift; sourceTree = "<group>"; };
		F647CDD02AD64BCE00D362DB /* Background.swift */ = {isa = PBXFileReference; lastKnownFileType = sourcecode.swift; path = Background.swift; sourceTree = "<group>"; };
		F647CDD22AD6725400D362DB /* PostConfirmation.swift */ = {isa = PBXFileReference; lastKnownFileType = sourcecode.swift; path = PostConfirmation.swift; sourceTree = "<group>"; };
		F6494D9E2B198D6200630504 /* ProfileViews.swift */ = {isa = PBXFileReference; lastKnownFileType = sourcecode.swift; path = ProfileViews.swift; sourceTree = "<group>"; };
		F6494DA02B19CDC900630504 /* Message.swift */ = {isa = PBXFileReference; lastKnownFileType = sourcecode.swift; path = Message.swift; sourceTree = "<group>"; };
		F65DCBA32AD89806002B878C /* imgElements.swift */ = {isa = PBXFileReference; lastKnownFileType = sourcecode.swift; path = imgElements.swift; sourceTree = "<group>"; };
		F65DCBA52AD89FBC002B878C /* Global Variables.swift */ = {isa = PBXFileReference; lastKnownFileType = sourcecode.swift; path = "Global Variables.swift"; sourceTree = "<group>"; };
		F67CBE442B225FD10019E7DF /* ProfileBar.swift */ = {isa = PBXFileReference; lastKnownFileType = sourcecode.swift; path = ProfileBar.swift; sourceTree = "<group>"; };
		F67CBE462B228C580019E7DF /* profileElement.swift */ = {isa = PBXFileReference; lastKnownFileType = sourcecode.swift; path = profileElement.swift; sourceTree = "<group>"; };
		F67CBE4A2B22A6630019E7DF /* ProfileQuestionView.swift */ = {isa = PBXFileReference; lastKnownFileType = sourcecode.swift; path = ProfileQuestionView.swift; sourceTree = "<group>"; };
		F6964A982AF9C14A000E9C94 /* Trash.swift */ = {isa = PBXFileReference; lastKnownFileType = sourcecode.swift; path = Trash.swift; sourceTree = "<group>"; };
		F6964A9A2AF9CD29000E9C94 /* RewindButton.swift */ = {isa = PBXFileReference; lastKnownFileType = sourcecode.swift; path = RewindButton.swift; sourceTree = "<group>"; };
		F6964A9C2AF9DDD5000E9C94 /* FontPicker.swift */ = {isa = PBXFileReference; lastKnownFileType = sourcecode.swift; path = FontPicker.swift; sourceTree = "<group>"; };
		F6964AA02AF9F0A8000E9C94 /* TransparencySlider.swift */ = {isa = PBXFileReference; lastKnownFileType = sourcecode.swift; path = TransparencySlider.swift; sourceTree = "<group>"; };
		F6964AA22AF9F447000E9C94 /* DrawingView.swift */ = {isa = PBXFileReference; lastKnownFileType = sourcecode.swift; path = DrawingView.swift; sourceTree = "<group>"; };
		F6C3BD822AF1DAAD00DD4405 /* Comment.swift */ = {isa = PBXFileReference; lastKnownFileType = sourcecode.swift; path = Comment.swift; sourceTree = "<group>"; };
		F6C3BD842AF1ED2300DD4405 /* CommentFeed.swift */ = {isa = PBXFileReference; lastKnownFileType = sourcecode.swift; path = CommentFeed.swift; sourceTree = "<group>"; };
		F6C3BD862AF1EDE100DD4405 /* ReusableCommentView.swift */ = {isa = PBXFileReference; lastKnownFileType = sourcecode.swift; path = ReusableCommentView.swift; sourceTree = "<group>"; };
		F6C3BD882AF1F0A600DD4405 /* CommentView.swift */ = {isa = PBXFileReference; lastKnownFileType = sourcecode.swift; path = CommentView.swift; sourceTree = "<group>"; };
		F6C3BD8E2AF5A9ED00DD4405 /* ColorPicker.swift */ = {isa = PBXFileReference; lastKnownFileType = sourcecode.swift; path = ColorPicker.swift; sourceTree = "<group>"; };
		F6C3BD902AF5ABAA00DD4405 /* EditableShape.swift */ = {isa = PBXFileReference; lastKnownFileType = sourcecode.swift; path = EditableShape.swift; sourceTree = "<group>"; };
		F6C8DC1C29DF7CEF0014849C /* Popper.app */ = {isa = PBXFileReference; explicitFileType = wrapper.application; includeInIndex = 0; path = Popper.app; sourceTree = BUILT_PRODUCTS_DIR; };
		F6C8DC1F29DF7CEF0014849C /* PopperApp.swift */ = {isa = PBXFileReference; lastKnownFileType = sourcecode.swift; path = PopperApp.swift; sourceTree = "<group>"; };
		F6C8DC2129DF7CEF0014849C /* Editor.swift */ = {isa = PBXFileReference; lastKnownFileType = sourcecode.swift; path = Editor.swift; sourceTree = "<group>"; };
		F6C8DC2329DF7CF00014849C /* Assets.xcassets */ = {isa = PBXFileReference; lastKnownFileType = folder.assetcatalog; path = Assets.xcassets; sourceTree = "<group>"; };
		F6C8DC2629DF7CF00014849C /* Preview Assets.xcassets */ = {isa = PBXFileReference; lastKnownFileType = folder.assetcatalog; path = "Preview Assets.xcassets"; sourceTree = "<group>"; };
		F6C8DC2C29DF7CF10014849C /* PopperTests.xctest */ = {isa = PBXFileReference; explicitFileType = wrapper.cfbundle; includeInIndex = 0; path = PopperTests.xctest; sourceTree = BUILT_PRODUCTS_DIR; };
		F6C8DC3029DF7CF10014849C /* PopperTests.swift */ = {isa = PBXFileReference; lastKnownFileType = sourcecode.swift; path = PopperTests.swift; sourceTree = "<group>"; };
		F6C8DC3629DF7CF10014849C /* PopperUITests.xctest */ = {isa = PBXFileReference; explicitFileType = wrapper.cfbundle; includeInIndex = 0; path = PopperUITests.xctest; sourceTree = BUILT_PRODUCTS_DIR; };
		F6C8DC3A29DF7CF10014849C /* PopperUITests.swift */ = {isa = PBXFileReference; lastKnownFileType = sourcecode.swift; path = PopperUITests.swift; sourceTree = "<group>"; };
		F6C8DC3C29DF7CF10014849C /* PopperUITestsLaunchTests.swift */ = {isa = PBXFileReference; lastKnownFileType = sourcecode.swift; path = PopperUITestsLaunchTests.swift; sourceTree = "<group>"; };
		F6D6DD3229DF8198003727B2 /* Feed.swift */ = {isa = PBXFileReference; lastKnownFileType = sourcecode.swift; path = Feed.swift; sourceTree = "<group>"; };
		F6E21E422B15912B00B1D4CF /* PostLayout.swift */ = {isa = PBXFileReference; lastKnownFileType = sourcecode.swift; path = PostLayout.swift; sourceTree = "<group>"; };
		F6E21E462B15A02900B1D4CF /* SwiftUIView.swift */ = {isa = PBXFileReference; lastKnownFileType = sourcecode.swift; path = SwiftUIView.swift; sourceTree = "<group>"; };
		F6FF24622B032066007F61BA /* EditableElement.swift */ = {isa = PBXFileReference; lastKnownFileType = sourcecode.swift; path = EditableElement.swift; sourceTree = "<group>"; };
		F6FF24642B033041007F61BA /* ElementView.swift */ = {isa = PBXFileReference; lastKnownFileType = sourcecode.swift; path = ElementView.swift; sourceTree = "<group>"; };
		F6FF24662B045D47007F61BA /* ElementLock.swift */ = {isa = PBXFileReference; lastKnownFileType = sourcecode.swift; path = ElementLock.swift; sourceTree = "<group>"; };
		F6FF246A2B046DB0007F61BA /* audioButton.swift */ = {isa = PBXFileReference; lastKnownFileType = sourcecode.swift; path = audioButton.swift; sourceTree = "<group>"; };
		F6FF246C2B0486EA007F61BA /* ExitConfirmation.swift */ = {isa = PBXFileReference; lastKnownFileType = sourcecode.swift; path = ExitConfirmation.swift; sourceTree = "<group>"; };
		F6FF24712B06CE19007F61BA /* GifSelector.swift */ = {isa = PBXFileReference; lastKnownFileType = sourcecode.swift; path = GifSelector.swift; sourceTree = "<group>"; };
		F6FF24742B06E19E007F61BA /* EditableSticker.swift */ = {isa = PBXFileReference; lastKnownFileType = sourcecode.swift; path = EditableSticker.swift; sourceTree = "<group>"; };
		F6FF24762B07545D007F61BA /* PollView.swift */ = {isa = PBXFileReference; lastKnownFileType = sourcecode.swift; path = PollView.swift; sourceTree = "<group>"; };
		F6FF247A2B084032007F61BA /* OldLondon.ttf */ = {isa = PBXFileReference; lastKnownFileType = file; path = OldLondon.ttf; sourceTree = "<group>"; };
		F6FF247B2B084063007F61BA /* Louis George Cafe.ttf */ = {isa = PBXFileReference; lastKnownFileType = file; name = "Louis George Cafe.ttf"; path = "../../../Downloads/louis_george_cafe/Louis George Cafe.ttf"; sourceTree = "<group>"; };
		F6FF247C2B084071007F61BA /* SCRIPTIN.ttf */ = {isa = PBXFileReference; lastKnownFileType = file; name = SCRIPTIN.ttf; path = ../../../Downloads/scriptina/SCRIPTIN.ttf; sourceTree = "<group>"; };
		F6FF247D2B08408E007F61BA /* Montserrat-Regular.ttf */ = {isa = PBXFileReference; lastKnownFileType = file; name = "Montserrat-Regular.ttf"; path = "../../../Downloads/Montserrat/static/Montserrat-Regular.ttf"; sourceTree = "<group>"; };
		F6FF247E2B0840B0007F61BA /* PlayfairDisplay-Regular.ttf */ = {isa = PBXFileReference; lastKnownFileType = file; name = "PlayfairDisplay-Regular.ttf"; path = "../../../Downloads/Playfair_Display/static/PlayfairDisplay-Regular.ttf"; sourceTree = "<group>"; };
		F6FF247F2B0840C8007F61BA /* Nunito-Regular.ttf */ = {isa = PBXFileReference; lastKnownFileType = file; name = "Nunito-Regular.ttf"; path = "../../../Downloads/Nunito/static/Nunito-Regular.ttf"; sourceTree = "<group>"; };
		F6FF24802B0840F2007F61BA /* Lato-Regular.ttf */ = {isa = PBXFileReference; lastKnownFileType = file; name = "Lato-Regular.ttf"; path = "../../../Downloads/Lato/Lato-Regular.ttf"; sourceTree = "<group>"; };
		F6FF24812B084119007F61BA /* Rubik-Regular.ttf */ = {isa = PBXFileReference; lastKnownFileType = file; name = "Rubik-Regular.ttf"; path = "../../../Downloads/Rubik/static/Rubik-Regular.ttf"; sourceTree = "<group>"; };
		F6FF24822B084149007F61BA /* JosefinSans-Regular.ttf */ = {isa = PBXFileReference; lastKnownFileType = file; name = "JosefinSans-Regular.ttf"; path = "../../../Downloads/Josefin_Sans/static/JosefinSans-Regular.ttf"; sourceTree = "<group>"; };
		F6FF24832B08417B007F61BA /* BebasNeue-Regular.ttf */ = {isa = PBXFileReference; lastKnownFileType = file; name = "BebasNeue-Regular.ttf"; path = "../../../Downloads/Bebas_Neue/BebasNeue-Regular.ttf"; sourceTree = "<group>"; };
		F6FF24842B0841B4007F61BA /* BarlowCondensed-Regular.ttf */ = {isa = PBXFileReference; lastKnownFileType = file; name = "BarlowCondensed-Regular.ttf"; path = "../../../Downloads/Barlow_Condensed/BarlowCondensed-Regular.ttf"; sourceTree = "<group>"; };
		F6FF24852B0841C0007F61BA /* SourceCodePro-Regular.ttf */ = {isa = PBXFileReference; lastKnownFileType = file; name = "SourceCodePro-Regular.ttf"; path = "../../../Downloads/Source_Code_Pro/static/SourceCodePro-Regular.ttf"; sourceTree = "<group>"; };
		F6FF24862B0841D4007F61BA /* Cabin-Bold.ttf */ = {isa = PBXFileReference; lastKnownFileType = file; name = "Cabin-Bold.ttf"; path = "../../../Downloads/Cabin/static/Cabin-Bold.ttf"; sourceTree = "<group>"; };
		F6FF24872B0841F3007F61BA /* DancingScript-Regular.ttf */ = {isa = PBXFileReference; lastKnownFileType = file; name = "DancingScript-Regular.ttf"; path = "../../../Downloads/Dancing_Script/static/DancingScript-Regular.ttf"; sourceTree = "<group>"; };
		F6FF24882B084200007F61BA /* Pacifico-Regular.ttf */ = {isa = PBXFileReference; lastKnownFileType = file; name = "Pacifico-Regular.ttf"; path = "../../../Downloads/Pacifico/Pacifico-Regular.ttf"; sourceTree = "<group>"; };
		F6FF24892B08420F007F61BA /* Caveat-Regular.ttf */ = {isa = PBXFileReference; lastKnownFileType = file; name = "Caveat-Regular.ttf"; path = "../../../Downloads/Caveat/static/Caveat-Regular.ttf"; sourceTree = "<group>"; };
		F6FF248A2B08421C007F61BA /* ShadowsIntoLight-Regular.ttf */ = {isa = PBXFileReference; lastKnownFileType = file; name = "ShadowsIntoLight-Regular.ttf"; path = "../../../Downloads/Shadows_Into_Light/ShadowsIntoLight-Regular.ttf"; sourceTree = "<group>"; };
		F6FF248C2B084237007F61BA /* IndieFlower-Regular.ttf */ = {isa = PBXFileReference; lastKnownFileType = file; name = "IndieFlower-Regular.ttf"; path = "../../../Downloads/Indie_Flower/IndieFlower-Regular.ttf"; sourceTree = "<group>"; };
		F6FF248D2B084242007F61BA /* PermanentMarker-Regular.ttf */ = {isa = PBXFileReference; lastKnownFileType = file; name = "PermanentMarker-Regular.ttf"; path = "../../../Downloads/Permanent_Marker/PermanentMarker-Regular.ttf"; sourceTree = "<group>"; };
		F6FF248F2B08425E007F61BA /* Kalam-Regular.ttf */ = {isa = PBXFileReference; lastKnownFileType = file; name = "Kalam-Regular.ttf"; path = "../../../Downloads/Kalam/Kalam-Regular.ttf"; sourceTree = "<group>"; };
		F6FF24902B084269007F61BA /* GreatVibes-Regular.ttf */ = {isa = PBXFileReference; lastKnownFileType = file; name = "GreatVibes-Regular.ttf"; path = "../../../Downloads/Great_Vibes/GreatVibes-Regular.ttf"; sourceTree = "<group>"; };
		F6FF24922B0842A8007F61BA /* CaviarDreams_Italic.ttf */ = {isa = PBXFileReference; lastKnownFileType = file; name = CaviarDreams_Italic.ttf; path = ../../../Downloads/caviar_dreams/CaviarDreams_Italic.ttf; sourceTree = "<group>"; };
		F6FF24AC2B084555007F61BA /* Info.plist */ = {isa = PBXFileReference; lastKnownFileType = text.plist; path = Info.plist; sourceTree = "<group>"; };
		F6FF24AD2B084C4F007F61BA /* Roboto-Bold.ttf */ = {isa = PBXFileReference; lastKnownFileType = file; name = "Roboto-Bold.ttf"; path = "../../../Downloads/Roboto/Roboto-Bold.ttf"; sourceTree = "<group>"; };
		F6FF24AF2B08511C007F61BA /* Montserrat-ExtraBold.ttf */ = {isa = PBXFileReference; lastKnownFileType = file; name = "Montserrat-ExtraBold.ttf"; path = "../../../Downloads/Montserrat/static/Montserrat-ExtraBold.ttf"; sourceTree = "<group>"; };
		F6FF24B12B085208007F61BA /* Nunito-ExtraBold.ttf */ = {isa = PBXFileReference; lastKnownFileType = file; name = "Nunito-ExtraBold.ttf"; path = "../../../Downloads/Nunito/static/Nunito-ExtraBold.ttf"; sourceTree = "<group>"; };
		F6FF24B32B085336007F61BA /* AmaticSC-Bold.ttf */ = {isa = PBXFileReference; lastKnownFileType = file; name = "AmaticSC-Bold.ttf"; path = "../../../Downloads/Amatic_SC/AmaticSC-Bold.ttf"; sourceTree = "<group>"; };
		F6FF24B52B0853EE007F61BA /* ChakraPetch-Bold.ttf */ = {isa = PBXFileReference; lastKnownFileType = file; name = "ChakraPetch-Bold.ttf"; path = "../../../Downloads/Chakra_Petch/ChakraPetch-Bold.ttf"; sourceTree = "<group>"; };
		F6FF24B72B085444007F61BA /* Caveat-SemiBold.ttf */ = {isa = PBXFileReference; lastKnownFileType = file; name = "Caveat-SemiBold.ttf"; path = "../../../Downloads/Caveat/static/Caveat-SemiBold.ttf"; sourceTree = "<group>"; };
		F6FF24B92B0854B7007F61BA /* DancingScript-Bold.ttf */ = {isa = PBXFileReference; lastKnownFileType = file; name = "DancingScript-Bold.ttf"; path = "../../../Downloads/Dancing_Script/static/DancingScript-Bold.ttf"; sourceTree = "<group>"; };
		F6FF24BB2B085503007F61BA /* BarlowCondensed-Bold.ttf */ = {isa = PBXFileReference; lastKnownFileType = file; name = "BarlowCondensed-Bold.ttf"; path = "../../../Downloads/Barlow_Condensed/BarlowCondensed-Bold.ttf"; sourceTree = "<group>"; };
		F6FF24BD2B085767007F61BA /* BarlowCondensed-Medium.ttf */ = {isa = PBXFileReference; lastKnownFileType = file; name = "BarlowCondensed-Medium.ttf"; path = "../../../Downloads/Barlow_Condensed/BarlowCondensed-Medium.ttf"; sourceTree = "<group>"; };
		F6FF24BF2B085C97007F61BA /* EditablePoll.swift */ = {isa = PBXFileReference; lastKnownFileType = sourcecode.swift; path = EditablePoll.swift; sourceTree = "<group>"; };
		F6FF24C22B086045007F61BA /* SharedEditState.swift */ = {isa = PBXFileReference; lastKnownFileType = sourcecode.swift; path = SharedEditState.swift; sourceTree = "<group>"; };
		F6FF24C52B089DC3007F61BA /* PostImageView.swift */ = {isa = PBXFileReference; lastKnownFileType = sourcecode.swift; path = PostImageView.swift; sourceTree = "<group>"; };
		F6FF24C72B089E18007F61BA /* PostTextsView.swift */ = {isa = PBXFileReference; lastKnownFileType = sourcecode.swift; path = PostTextsView.swift; sourceTree = "<group>"; };
		F6FF24C92B08A2D4007F61BA /* PostShapeView.swift */ = {isa = PBXFileReference; lastKnownFileType = sourcecode.swift; path = PostShapeView.swift; sourceTree = "<group>"; };
		F6FF24CB2B08A4CF007F61BA /* PostVideoView.swift */ = {isa = PBXFileReference; lastKnownFileType = sourcecode.swift; path = PostVideoView.swift; sourceTree = "<group>"; };
		F6FF24CD2B08A81C007F61BA /* PostPollView.swift */ = {isa = PBXFileReference; lastKnownFileType = sourcecode.swift; path = PostPollView.swift; sourceTree = "<group>"; };
		F6FF24CF2B08B028007F61BA /* postElements.swift */ = {isa = PBXFileReference; lastKnownFileType = sourcecode.swift; path = postElements.swift; sourceTree = "<group>"; };
		F6FF24D22B08B29C007F61BA /* postElementView.swift */ = {isa = PBXFileReference; lastKnownFileType = sourcecode.swift; path = postElementView.swift; sourceTree = "<group>"; };
		F6FF24D42B08B3DB007F61BA /* PostElement.swift */ = {isa = PBXFileReference; lastKnownFileType = sourcecode.swift; path = PostElement.swift; sourceTree = "<group>"; };
		F6FF24D62B08B4F9007F61BA /* PostRewindButton.swift */ = {isa = PBXFileReference; lastKnownFileType = sourcecode.swift; path = PostRewindButton.swift; sourceTree = "<group>"; };
		F6FF24DC2B09AE74007F61BA /* please.swift */ = {isa = PBXFileReference; lastKnownFileType = sourcecode.swift; path = please.swift; sourceTree = "<group>"; };
		F6FF24DF2B09C179007F61BA /* textToEditableImg.swift */ = {isa = PBXFileReference; lastKnownFileType = sourcecode.swift; path = textToEditableImg.swift; sourceTree = "<group>"; };
		F6FF24E12B09D110007F61BA /* PostStickerView.swift */ = {isa = PBXFileReference; lastKnownFileType = sourcecode.swift; path = PostStickerView.swift; sourceTree = "<group>"; };
/* End PBXFileReference section */

/* Begin PBXFrameworksBuildPhase section */
		F6C8DC1929DF7CEF0014849C /* Frameworks */ = {
			isa = PBXFrameworksBuildPhase;
			buildActionMask = 2147483647;
			files = (
				F63432802AC7F26E00E756BA /* SDWebImageSwiftUI in Frameworks */,
				F63432622AC7C62700E756BA /* FirebaseAnalytics in Frameworks */,
				F63432572AC7A14B00E756BA /* FirebaseAuth in Frameworks */,
				F61702712B11BD9D003816F7 /* WrappingHStack in Frameworks */,
				F63432642AC7CA7200E756BA /* FirebaseFirestore in Frameworks */,
				F63432682AC7CA7200E756BA /* FirebaseStorage in Frameworks */,
				F6FF24702B06CCED007F61BA /* GiphyUISDK in Frameworks */,
				F63432662AC7CA7200E756BA /* FirebaseFirestoreSwift in Frameworks */,
			);
			runOnlyForDeploymentPostprocessing = 0;
		};
		F6C8DC2929DF7CF10014849C /* Frameworks */ = {
			isa = PBXFrameworksBuildPhase;
			buildActionMask = 2147483647;
			files = (
			);
			runOnlyForDeploymentPostprocessing = 0;
		};
		F6C8DC3329DF7CF10014849C /* Frameworks */ = {
			isa = PBXFrameworksBuildPhase;
			buildActionMask = 2147483647;
			files = (
			);
			runOnlyForDeploymentPostprocessing = 0;
		};
/* End PBXFrameworksBuildPhase section */

/* Begin PBXGroup section */
		F61702652B118F35003816F7 /* Profile */ = {
			isa = PBXGroup;
			children = (
				F67CBE462B228C580019E7DF /* profileElement.swift */,
				F67CBE432B225F9B0019E7DF /* Editor */,
				F647CDC12AD4C93500D362DB /* ProfileView */,
			);
			name = Profile;
			sourceTree = "<group>";
		};
		F63432582AC7A15E00E756BA /* Views */ = {
			isa = PBXGroup;
			children = (
				F647CDC62AD6498900D362DB /* Editor */,
				F647CDBF2AD4C8F200D362DB /* MainView */,
				F63432772AC7E65500E756BA /* Feed */,
				F63432762AC7E4B800E756BA /* Misc */,
				F63432712AC7E30900E756BA /* Login */,
				F634325E2AC7BDAF00E756BA /* ContentView.swift */,
				F6E21E462B15A02900B1D4CF /* SwiftUIView.swift */,
			);
			path = Views;
			sourceTree = "<group>";
		};
		F63432592AC7A16C00E756BA /* Model */ = {
			isa = PBXGroup;
			children = (
				F6FF24782B083F57007F61BA /* fonts */,
				F63432692AC7CC1500E756BA /* User.swift */,
				F6494DA02B19CDC900630504 /* Message.swift */,
				F61702652B118F35003816F7 /* Profile */,
				F647CDC72AD649CB00D362DB /* Post */,
			);
			name = Model;
			sourceTree = "<group>";
		};
		F63432602AC7C62700E756BA /* Frameworks */ = {
			isa = PBXGroup;
			children = (
			);
			name = Frameworks;
			sourceTree = "<group>";
		};
		F63432712AC7E30900E756BA /* Login */ = {
			isa = PBXGroup;
			children = (
				F634326F2AC7DDC700E756BA /* LoadingView.swift */,
				F634325A2AC7A1B400E756BA /* LoginView.swift */,
				F63432722AC7E32A00E756BA /* RegisterView.swift */,
			);
			path = Login;
			sourceTree = "<group>";
		};
		F63432762AC7E4B800E756BA /* Misc */ = {
			isa = PBXGroup;
			children = (
				F6FF24DE2B09C164007F61BA /* Functions */,
				F63432742AC7E44E00E756BA /* Views and Extensions.swift */,
				F65DCBA52AD89FBC002B878C /* Global Variables.swift */,
			);
			path = Misc;
			sourceTree = "<group>";
		};
		F63432772AC7E65500E756BA /* Feed */ = {
			isa = PBXGroup;
			children = (
				F6D6DD3229DF8198003727B2 /* Feed.swift */,
			);
			path = Feed;
			sourceTree = "<group>";
		};
		F647CDBF2AD4C8F200D362DB /* MainView */ = {
			isa = PBXGroup;
			children = (
				F63432782AC7E66900E756BA /* MainView.swift */,
				F647CDB52AD4A53C00D362DB /* CreateNewPost.swift */,
				F6FF24DC2B09AE74007F61BA /* please.swift */,
				F647CDD22AD6725400D362DB /* PostConfirmation.swift */,
				F647CDC02AD4C8FC00D362DB /* PostView */,
			);
			path = MainView;
			sourceTree = "<group>";
		};
		F647CDC02AD4C8FC00D362DB /* PostView */ = {
			isa = PBXGroup;
			children = (
				F647CDBB2AD4B71B00D362DB /* ReusablePostsView.swift */,
				F647CDB92AD4B47500D362DB /* PostsView.swift */,
				F647CDBD2AD4BAC900D362DB /* PostCardView.swift */,
				F6E21E422B15912B00B1D4CF /* PostLayout.swift */,
				F6C3BD842AF1ED2300DD4405 /* CommentFeed.swift */,
				F6C3BD862AF1EDE100DD4405 /* ReusableCommentView.swift */,
				F6C3BD882AF1F0A600DD4405 /* CommentView.swift */,
			);
			path = PostView;
			sourceTree = "<group>";
		};
		F647CDC12AD4C93500D362DB /* ProfileView */ = {
			isa = PBXGroup;
			children = (
				F61702632B1161B7003816F7 /* Profile.swift */,
				F634327A2AC7E72E00E756BA /* ProfileView.swift */,
				F634327C2AC7EF1800E756BA /* ReusableProfileContent.swift */,
				F6494D9E2B198D6200630504 /* ProfileViews.swift */,
				F67CBE4A2B22A6630019E7DF /* ProfileQuestionView.swift */,
			);
			path = ProfileView;
			sourceTree = "<group>";
		};
		F647CDC62AD6498900D362DB /* Editor */ = {
			isa = PBXGroup;
			children = (
				F6C8DC2129DF7CEF0014849C /* Editor.swift */,
				F6FF24C12B086011007F61BA /* Editor Classes */,
				F6FF246C2B0486EA007F61BA /* ExitConfirmation.swift */,
				F647CDD02AD64BCE00D362DB /* Background.swift */,
				F647CDCC2AD64AF400D362DB /* SideButtons.swift */,
				F6964A9A2AF9CD29000E9C94 /* RewindButton.swift */,
				F647CDCE2AD64B5200D362DB /* BottomButtons.swift */,
				F6964A9F2AF9DE4C000E9C94 /* Editable Structures */,
				F6964A9E2AF9DE2B000E9C94 /* SubUI */,
				F6964A982AF9C14A000E9C94 /* Trash.swift */,
			);
			path = Editor;
			sourceTree = "<group>";
		};
		F647CDC72AD649CB00D362DB /* Post */ = {
			isa = PBXGroup;
			children = (
				F647CDB72AD4A57200D362DB /* Post.swift */,
				F6FF24D82B08B508007F61BA /* Views */,
				F6C3BD822AF1DAAD00DD4405 /* Comment.swift */,
			);
			name = Post;
			sourceTree = "<group>";
		};
		F67CBE432B225F9B0019E7DF /* Editor */ = {
			isa = PBXGroup;
			children = (
				F67CBE442B225FD10019E7DF /* ProfileBar.swift */,
			);
			name = Editor;
			sourceTree = "<group>";
		};
		F6964A9E2AF9DE2B000E9C94 /* SubUI */ = {
			isa = PBXGroup;
			children = (
				F6FF24662B045D47007F61BA /* ElementLock.swift */,
				F6964AA02AF9F0A8000E9C94 /* TransparencySlider.swift */,
				F6C3BD8E2AF5A9ED00DD4405 /* ColorPicker.swift */,
				F6964A9C2AF9DDD5000E9C94 /* FontPicker.swift */,
				F6FF246A2B046DB0007F61BA /* audioButton.swift */,
				F6FF24712B06CE19007F61BA /* GifSelector.swift */,
				F6964AA22AF9F447000E9C94 /* DrawingView.swift */,
			);
			path = SubUI;
			sourceTree = "<group>";
		};
		F6964A9F2AF9DE4C000E9C94 /* Editable Structures */ = {
			isa = PBXGroup;
			children = (
				F6FF24622B032066007F61BA /* EditableElement.swift */,
				F6FF24642B033041007F61BA /* ElementView.swift */,
				F62685612AFC3720002A02EA /* editorElements.swift */,
				F6FF24692B046D5E007F61BA /* ViewTypes */,
			);
			path = "Editable Structures";
			sourceTree = "<group>";
		};
		F6C8DC1329DF7CEF0014849C = {
			isa = PBXGroup;
			children = (
				F61702612B0EF8AE003816F7 /* imsobbing.swift */,
				F6C8DC1E29DF7CEF0014849C /* Popper */,
				F6C8DC2F29DF7CF10014849C /* PopperTests */,
				F6C8DC3929DF7CF10014849C /* PopperUITests */,
				F6C8DC1D29DF7CEF0014849C /* Products */,
				F63432602AC7C62700E756BA /* Frameworks */,
			);
			sourceTree = "<group>";
		};
		F6C8DC1D29DF7CEF0014849C /* Products */ = {
			isa = PBXGroup;
			children = (
				F6C8DC1C29DF7CEF0014849C /* Popper.app */,
				F6C8DC2C29DF7CF10014849C /* PopperTests.xctest */,
				F6C8DC3629DF7CF10014849C /* PopperUITests.xctest */,
			);
			name = Products;
			sourceTree = "<group>";
		};
		F6C8DC1E29DF7CEF0014849C /* Popper */ = {
			isa = PBXGroup;
			children = (
				F6FF24AC2B084555007F61BA /* Info.plist */,
				F634326D2AC7D94C00E756BA /* GoogleService-Info.plist */,
				F63432592AC7A16C00E756BA /* Model */,
				F63432582AC7A15E00E756BA /* Views */,
				F6C8DC1F29DF7CEF0014849C /* PopperApp.swift */,
				F647CDC22AD4CC1F00D362DB /* SearchUserView.swift */,
				F6C8DC2329DF7CF00014849C /* Assets.xcassets */,
				F6C8DC2529DF7CF00014849C /* Preview Content */,
			);
			path = Popper;
			sourceTree = "<group>";
		};
		F6C8DC2529DF7CF00014849C /* Preview Content */ = {
			isa = PBXGroup;
			children = (
				F6C8DC2629DF7CF00014849C /* Preview Assets.xcassets */,
			);
			path = "Preview Content";
			sourceTree = "<group>";
		};
		F6C8DC2F29DF7CF10014849C /* PopperTests */ = {
			isa = PBXGroup;
			children = (
				F6C8DC3029DF7CF10014849C /* PopperTests.swift */,
			);
			path = PopperTests;
			sourceTree = "<group>";
		};
		F6C8DC3929DF7CF10014849C /* PopperUITests */ = {
			isa = PBXGroup;
			children = (
				F6C8DC3A29DF7CF10014849C /* PopperUITests.swift */,
				F6C8DC3C29DF7CF10014849C /* PopperUITestsLaunchTests.swift */,
			);
			path = PopperUITests;
			sourceTree = "<group>";
		};
		F6FF24692B046D5E007F61BA /* ViewTypes */ = {
			isa = PBXGroup;
			children = (
				F647CDC82AD649F200D362DB /* EditableImage.swift */,
				F6FF24742B06E19E007F61BA /* EditableSticker.swift */,
				F647CDCA2AD64A0600D362DB /* EditableText.swift */,
				F6C3BD902AF5ABAA00DD4405 /* EditableShape.swift */,
				F626855D2AFC3403002A02EA /* EditableVideo.swift */,
				F6FF24BF2B085C97007F61BA /* EditablePoll.swift */,
				F6FF24762B07545D007F61BA /* PollView.swift */,
			);
			path = ViewTypes;
			sourceTree = "<group>";
		};
		F6FF24782B083F57007F61BA /* fonts */ = {
			isa = PBXGroup;
			children = (
				F6FF247A2B084032007F61BA /* OldLondon.ttf */,
				F6FF247B2B084063007F61BA /* Louis George Cafe.ttf */,
				F6FF247C2B084071007F61BA /* SCRIPTIN.ttf */,
				F6FF247D2B08408E007F61BA /* Montserrat-Regular.ttf */,
				F6FF24AF2B08511C007F61BA /* Montserrat-ExtraBold.ttf */,
				F6FF247E2B0840B0007F61BA /* PlayfairDisplay-Regular.ttf */,
				F6FF247F2B0840C8007F61BA /* Nunito-Regular.ttf */,
				F6FF24B12B085208007F61BA /* Nunito-ExtraBold.ttf */,
				F6FF24802B0840F2007F61BA /* Lato-Regular.ttf */,
				F6FF24812B084119007F61BA /* Rubik-Regular.ttf */,
				F6FF24822B084149007F61BA /* JosefinSans-Regular.ttf */,
				F6FF24832B08417B007F61BA /* BebasNeue-Regular.ttf */,
				F6FF24BB2B085503007F61BA /* BarlowCondensed-Bold.ttf */,
				F6FF24BD2B085767007F61BA /* BarlowCondensed-Medium.ttf */,
				F6FF24842B0841B4007F61BA /* BarlowCondensed-Regular.ttf */,
				F6FF24852B0841C0007F61BA /* SourceCodePro-Regular.ttf */,
				F6FF24862B0841D4007F61BA /* Cabin-Bold.ttf */,
				F6FF24B92B0854B7007F61BA /* DancingScript-Bold.ttf */,
				F6FF24872B0841F3007F61BA /* DancingScript-Regular.ttf */,
				F6FF24882B084200007F61BA /* Pacifico-Regular.ttf */,
				F6FF24892B08420F007F61BA /* Caveat-Regular.ttf */,
				F6FF24B72B085444007F61BA /* Caveat-SemiBold.ttf */,
				F6FF248A2B08421C007F61BA /* ShadowsIntoLight-Regular.ttf */,
				F6FF24B52B0853EE007F61BA /* ChakraPetch-Bold.ttf */,
				F6FF248C2B084237007F61BA /* IndieFlower-Regular.ttf */,
				F6FF248D2B084242007F61BA /* PermanentMarker-Regular.ttf */,
				F6FF24B32B085336007F61BA /* AmaticSC-Bold.ttf */,
				F6FF248F2B08425E007F61BA /* Kalam-Regular.ttf */,
				F6FF24902B084269007F61BA /* GreatVibes-Regular.ttf */,
				F6FF24AD2B084C4F007F61BA /* Roboto-Bold.ttf */,
				F6FF24922B0842A8007F61BA /* CaviarDreams_Italic.ttf */,
			);
			name = fonts;
			sourceTree = "<group>";
		};
		F6FF24C12B086011007F61BA /* Editor Classes */ = {
			isa = PBXGroup;
			children = (
				F6FF24C22B086045007F61BA /* SharedEditState.swift */,
			);
			path = "Editor Classes";
			sourceTree = "<group>";
		};
		F6FF24C42B089D81007F61BA /* Post Elements */ = {
			isa = PBXGroup;
			children = (
				F6FF24C52B089DC3007F61BA /* PostImageView.swift */,
				F6FF24C72B089E18007F61BA /* PostTextsView.swift */,
				F6FF24C92B08A2D4007F61BA /* PostShapeView.swift */,
				F6FF24CD2B08A81C007F61BA /* PostPollView.swift */,
				F6FF24E12B09D110007F61BA /* PostStickerView.swift */,
				F6FF24CB2B08A4CF007F61BA /* PostVideoView.swift */,
			);
			name = "Post Elements";
			sourceTree = "<group>";
		};
		F6FF24D82B08B508007F61BA /* Views */ = {
			isa = PBXGroup;
			children = (
				F65DCBA32AD89806002B878C /* imgElements.swift */,
				F6FF24CF2B08B028007F61BA /* postElements.swift */,
				F6FF24D22B08B29C007F61BA /* postElementView.swift */,
				F6FF24D42B08B3DB007F61BA /* PostElement.swift */,
				F6FF24C42B089D81007F61BA /* Post Elements */,
				F6FF24D62B08B4F9007F61BA /* PostRewindButton.swift */,
			);
			name = Views;
			sourceTree = "<group>";
		};
		F6FF24DE2B09C164007F61BA /* Functions */ = {
			isa = PBXGroup;
			children = (
				F6FF24DF2B09C179007F61BA /* textToEditableImg.swift */,
			);
			path = Functions;
			sourceTree = "<group>";
		};
/* End PBXGroup section */

/* Begin PBXNativeTarget section */
		F6C8DC1B29DF7CEF0014849C /* Popper */ = {
			isa = PBXNativeTarget;
			buildConfigurationList = F6C8DC4029DF7CF10014849C /* Build configuration list for PBXNativeTarget "Popper" */;
			buildPhases = (
				F6C8DC1829DF7CEF0014849C /* Sources */,
				F6C8DC1929DF7CEF0014849C /* Frameworks */,
				F6C8DC1A29DF7CEF0014849C /* Resources */,
			);
			buildRules = (
			);
			dependencies = (
			);
			name = Popper;
			packageProductDependencies = (
				F63432562AC7A14B00E756BA /* FirebaseAuth */,
				F63432612AC7C62700E756BA /* FirebaseAnalytics */,
				F63432632AC7CA7200E756BA /* FirebaseFirestore */,
				F63432652AC7CA7200E756BA /* FirebaseFirestoreSwift */,
				F63432672AC7CA7200E756BA /* FirebaseStorage */,
				F634327F2AC7F26E00E756BA /* SDWebImageSwiftUI */,
				F6FF246F2B06CCED007F61BA /* GiphyUISDK */,
				F61702702B11BD9D003816F7 /* WrappingHStack */,
			);
			productName = Popper;
			productReference = F6C8DC1C29DF7CEF0014849C /* Popper.app */;
			productType = "com.apple.product-type.application";
		};
		F6C8DC2B29DF7CF10014849C /* PopperTests */ = {
			isa = PBXNativeTarget;
			buildConfigurationList = F6C8DC4329DF7CF10014849C /* Build configuration list for PBXNativeTarget "PopperTests" */;
			buildPhases = (
				F6C8DC2829DF7CF10014849C /* Sources */,
				F6C8DC2929DF7CF10014849C /* Frameworks */,
				F6C8DC2A29DF7CF10014849C /* Resources */,
			);
			buildRules = (
			);
			dependencies = (
				F6C8DC2E29DF7CF10014849C /* PBXTargetDependency */,
			);
			name = PopperTests;
			productName = PopperTests;
			productReference = F6C8DC2C29DF7CF10014849C /* PopperTests.xctest */;
			productType = "com.apple.product-type.bundle.unit-test";
		};
		F6C8DC3529DF7CF10014849C /* PopperUITests */ = {
			isa = PBXNativeTarget;
			buildConfigurationList = F6C8DC4629DF7CF10014849C /* Build configuration list for PBXNativeTarget "PopperUITests" */;
			buildPhases = (
				F6C8DC3229DF7CF10014849C /* Sources */,
				F6C8DC3329DF7CF10014849C /* Frameworks */,
				F6C8DC3429DF7CF10014849C /* Resources */,
			);
			buildRules = (
			);
			dependencies = (
				F6C8DC3829DF7CF10014849C /* PBXTargetDependency */,
			);
			name = PopperUITests;
			productName = PopperUITests;
			productReference = F6C8DC3629DF7CF10014849C /* PopperUITests.xctest */;
			productType = "com.apple.product-type.bundle.ui-testing";
		};
/* End PBXNativeTarget section */

/* Begin PBXProject section */
		F6C8DC1429DF7CEF0014849C /* Project object */ = {
			isa = PBXProject;
			attributes = {
				BuildIndependentTargetsInParallel = 1;
				LastSwiftUpdateCheck = 1430;
				LastUpgradeCheck = 1430;
				TargetAttributes = {
					F6C8DC1B29DF7CEF0014849C = {
						CreatedOnToolsVersion = 14.3;
					};
					F6C8DC2B29DF7CF10014849C = {
						CreatedOnToolsVersion = 14.3;
						TestTargetID = F6C8DC1B29DF7CEF0014849C;
					};
					F6C8DC3529DF7CF10014849C = {
						CreatedOnToolsVersion = 14.3;
						TestTargetID = F6C8DC1B29DF7CEF0014849C;
					};
				};
			};
			buildConfigurationList = F6C8DC1729DF7CEF0014849C /* Build configuration list for PBXProject "Popper" */;
			compatibilityVersion = "Xcode 14.0";
			developmentRegion = en;
			hasScannedForEncodings = 0;
			knownRegions = (
				en,
				Base,
			);
			mainGroup = F6C8DC1329DF7CEF0014849C;
			packageReferences = (
				F63432552AC7A14B00E756BA /* XCRemoteSwiftPackageReference "firebase-ios-sdk" */,
				F634327E2AC7F26E00E756BA /* XCRemoteSwiftPackageReference "SDWebImageSwiftUI" */,
				F6FF246E2B06CCED007F61BA /* XCRemoteSwiftPackageReference "giphy-ios-sdk" */,
				F617026F2B11BD9D003816F7 /* XCRemoteSwiftPackageReference "WrappingHStack" */,
			);
			productRefGroup = F6C8DC1D29DF7CEF0014849C /* Products */;
			projectDirPath = "";
			projectRoot = "";
			targets = (
				F6C8DC1B29DF7CEF0014849C /* Popper */,
				F6C8DC2B29DF7CF10014849C /* PopperTests */,
				F6C8DC3529DF7CF10014849C /* PopperUITests */,
			);
		};
/* End PBXProject section */

/* Begin PBXResourcesBuildPhase section */
		F6C8DC1A29DF7CEF0014849C /* Resources */ = {
			isa = PBXResourcesBuildPhase;
			buildActionMask = 2147483647;
			files = (
				F6FF24B42B085336007F61BA /* AmaticSC-Bold.ttf in Resources */,
				F6FF24BC2B085503007F61BA /* BarlowCondensed-Bold.ttf in Resources */,
				F6FF24952B084375007F61BA /* SCRIPTIN.ttf in Resources */,
				F6FF249B2B084382007F61BA /* JosefinSans-Regular.ttf in Resources */,
				F6FF24A52B08439F007F61BA /* IndieFlower-Regular.ttf in Resources */,
				F6FF249C2B084384007F61BA /* BebasNeue-Regular.ttf in Resources */,
				F6C8DC2729DF7CF00014849C /* Preview Assets.xcassets in Resources */,
				F6FF249D2B084386007F61BA /* BarlowCondensed-Regular.ttf in Resources */,
				F6FF24A82B0843A5007F61BA /* Kalam-Regular.ttf in Resources */,
				F6FF249F2B08438B007F61BA /* Cabin-Bold.ttf in Resources */,
				F6FF24BA2B0854B7007F61BA /* DancingScript-Bold.ttf in Resources */,
				F6FF24A32B08439A007F61BA /* ShadowsIntoLight-Regular.ttf in Resources */,
				F6FF24962B084378007F61BA /* Montserrat-Regular.ttf in Resources */,
				F6C8DC2429DF7CF00014849C /* Assets.xcassets in Resources */,
				F6FF24A62B0843A1007F61BA /* PermanentMarker-Regular.ttf in Resources */,
				F6FF24A22B084397007F61BA /* Caveat-Regular.ttf in Resources */,
				F6FF24972B08437A007F61BA /* PlayfairDisplay-Regular.ttf in Resources */,
				F6FF24A12B084395007F61BA /* Pacifico-Regular.ttf in Resources */,
				F6FF24942B084373007F61BA /* Louis George Cafe.ttf in Resources */,
				F6FF24AB2B0843AB007F61BA /* CaviarDreams_Italic.ttf in Resources */,
				F6FF24A02B084393007F61BA /* DancingScript-Regular.ttf in Resources */,
				F6FF249A2B084380007F61BA /* Rubik-Regular.ttf in Resources */,
				F6FF24982B08437C007F61BA /* Nunito-Regular.ttf in Resources */,
				F6FF24AE2B084C55007F61BA /* Roboto-Bold.ttf in Resources */,
				F6FF24B02B08511C007F61BA /* Montserrat-ExtraBold.ttf in Resources */,
				F6FF24B82B08544E007F61BA /* Caveat-SemiBold.ttf in Resources */,
				F6FF24992B08437E007F61BA /* Lato-Regular.ttf in Resources */,
				F6FF24A92B0843A7007F61BA /* GreatVibes-Regular.ttf in Resources */,
				F6FF24BE2B085768007F61BA /* BarlowCondensed-Medium.ttf in Resources */,
				F6FF24932B084371007F61BA /* OldLondon.ttf in Resources */,
				F6FF24B62B0853EE007F61BA /* ChakraPetch-Bold.ttf in Resources */,
				F6FF24B22B08522C007F61BA /* Nunito-ExtraBold.ttf in Resources */,
				F6FF249E2B084388007F61BA /* SourceCodePro-Regular.ttf in Resources */,
				F634326E2AC7D94C00E756BA /* GoogleService-Info.plist in Resources */,
			);
			runOnlyForDeploymentPostprocessing = 0;
		};
		F6C8DC2A29DF7CF10014849C /* Resources */ = {
			isa = PBXResourcesBuildPhase;
			buildActionMask = 2147483647;
			files = (
			);
			runOnlyForDeploymentPostprocessing = 0;
		};
		F6C8DC3429DF7CF10014849C /* Resources */ = {
			isa = PBXResourcesBuildPhase;
			buildActionMask = 2147483647;
			files = (
			);
			runOnlyForDeploymentPostprocessing = 0;
		};
/* End PBXResourcesBuildPhase section */

/* Begin PBXSourcesBuildPhase section */
		F6C8DC1829DF7CEF0014849C /* Sources */ = {
			isa = PBXSourcesBuildPhase;
			buildActionMask = 2147483647;
			files = (
				F647CDCB2AD64A0600D362DB /* EditableText.swift in Sources */,
				F6FF24752B06E19E007F61BA /* EditableSticker.swift in Sources */,
				F6FF24D52B08B3DB007F61BA /* PostElement.swift in Sources */,
				F62685622AFC3720002A02EA /* editorElements.swift in Sources */,
				F6FF24D32B08B29C007F61BA /* postElementView.swift in Sources */,
				F6D6DD3329DF8198003727B2 /* Feed.swift in Sources */,
				F6494D9F2B198D6200630504 /* ProfileViews.swift in Sources */,
				F6FF24652B033041007F61BA /* ElementView.swift in Sources */,
				F63432752AC7E44E00E756BA /* Views and Extensions.swift in Sources */,
				F6C3BD852AF1ED2300DD4405 /* CommentFeed.swift in Sources */,
				F6FF24E02B09C179007F61BA /* textToEditableImg.swift in Sources */,
				F6964AA32AF9F447000E9C94 /* DrawingView.swift in Sources */,
				F6C8DC2229DF7CEF0014849C /* Editor.swift in Sources */,
				F6FF24DD2B09AE74007F61BA /* please.swift in Sources */,
				F647CDC32AD4CC1F00D362DB /* SearchUserView.swift in Sources */,
				F63432792AC7E66900E756BA /* MainView.swift in Sources */,
				F6E21E432B15912B00B1D4CF /* PostLayout.swift in Sources */,
				F6FF24CC2B08A4CF007F61BA /* PostVideoView.swift in Sources */,
				F6FF24C82B089E18007F61BA /* PostTextsView.swift in Sources */,
				F65DCBA42AD89806002B878C /* imgElements.swift in Sources */,
				F6FF24722B06CE1A007F61BA /* GifSelector.swift in Sources */,
				F6FF24672B045D47007F61BA /* ElementLock.swift in Sources */,
				F6964AA12AF9F0A8000E9C94 /* TransparencySlider.swift in Sources */,
				F6C3BD8F2AF5A9ED00DD4405 /* ColorPicker.swift in Sources */,
				F6FF24772B07545D007F61BA /* PollView.swift in Sources */,
				F6FF24632B032066007F61BA /* EditableElement.swift in Sources */,
				F65DCBA62AD89FBC002B878C /* Global Variables.swift in Sources */,
				F6FF24C32B086045007F61BA /* SharedEditState.swift in Sources */,
				F647CDB62AD4A53D00D362DB /* CreateNewPost.swift in Sources */,
				F647CDBE2AD4BAC900D362DB /* PostCardView.swift in Sources */,
				F6FF24D02B08B028007F61BA /* postElements.swift in Sources */,
				F647CDD32AD6725400D362DB /* PostConfirmation.swift in Sources */,
				F6FF24CA2B08A2D4007F61BA /* PostShapeView.swift in Sources */,
				F647CDB82AD4A57200D362DB /* Post.swift in Sources */,
				F6FF246D2B0486EA007F61BA /* ExitConfirmation.swift in Sources */,
				F634326A2AC7CC1500E756BA /* User.swift in Sources */,
				F6FF246B2B046DB0007F61BA /* audioButton.swift in Sources */,
				F6C3BD872AF1EDE100DD4405 /* ReusableCommentView.swift in Sources */,
				F61702622B0EF8AE003816F7 /* imsobbing.swift in Sources */,
				F6964A9D2AF9DDD5000E9C94 /* FontPicker.swift in Sources */,
				F6E21E472B15A02900B1D4CF /* SwiftUIView.swift in Sources */,
				F634325B2AC7A1B400E756BA /* LoginView.swift in Sources */,
				F647CDBA2AD4B47500D362DB /* PostsView.swift in Sources */,
				F6FF24C02B085C97007F61BA /* EditablePoll.swift in Sources */,
				F6FF24E22B09D110007F61BA /* PostStickerView.swift in Sources */,
				F67CBE452B225FD10019E7DF /* ProfileBar.swift in Sources */,
				F6FF24D72B08B4F9007F61BA /* PostRewindButton.swift in Sources */,
				F6964A992AF9C14A000E9C94 /* Trash.swift in Sources */,
				F647CDBC2AD4B71B00D362DB /* ReusablePostsView.swift in Sources */,
				F626855E2AFC3403002A02EA /* EditableVideo.swift in Sources */,
				F6964A9B2AF9CD29000E9C94 /* RewindButton.swift in Sources */,
				F6FF24CE2B08A81C007F61BA /* PostPollView.swift in Sources */,
				F6C3BD892AF1F0A600DD4405 /* CommentView.swift in Sources */,
				F6C8DC2029DF7CEF0014849C /* PopperApp.swift in Sources */,
				F67CBE472B228C580019E7DF /* profileElement.swift in Sources */,
				F647CDD12AD64BCE00D362DB /* Background.swift in Sources */,
				F6494DA12B19CDC900630504 /* Message.swift in Sources */,
				F63432732AC7E32B00E756BA /* RegisterView.swift in Sources */,
				F61702642B1161B7003816F7 /* Profile.swift in Sources */,
				F6FF24C62B089DC3007F61BA /* PostImageView.swift in Sources */,
				F63432702AC7DDC700E756BA /* LoadingView.swift in Sources */,
				F647CDCF2AD64B5200D362DB /* BottomButtons.swift in Sources */,
				F6C3BD912AF5ABAA00DD4405 /* EditableShape.swift in Sources */,
				F634327B2AC7E72E00E756BA /* ProfileView.swift in Sources */,
				F647CDC92AD649F200D362DB /* EditableImage.swift in Sources */,
				F647CDCD2AD64AF400D362DB /* SideButtons.swift in Sources */,
				F634327D2AC7EF1800E756BA /* ReusableProfileContent.swift in Sources */,
				F67CBE4B2B22A6630019E7DF /* ProfileQuestionView.swift in Sources */,
				F6C3BD832AF1DAAD00DD4405 /* Comment.swift in Sources */,
				F634325F2AC7BDAF00E756BA /* ContentView.swift in Sources */,
			);
			runOnlyForDeploymentPostprocessing = 0;
		};
		F6C8DC2829DF7CF10014849C /* Sources */ = {
			isa = PBXSourcesBuildPhase;
			buildActionMask = 2147483647;
			files = (
				F6C8DC3129DF7CF10014849C /* PopperTests.swift in Sources */,
			);
			runOnlyForDeploymentPostprocessing = 0;
		};
		F6C8DC3229DF7CF10014849C /* Sources */ = {
			isa = PBXSourcesBuildPhase;
			buildActionMask = 2147483647;
			files = (
				F6C8DC3D29DF7CF10014849C /* PopperUITestsLaunchTests.swift in Sources */,
				F6C8DC3B29DF7CF10014849C /* PopperUITests.swift in Sources */,
			);
			runOnlyForDeploymentPostprocessing = 0;
		};
/* End PBXSourcesBuildPhase section */

/* Begin PBXTargetDependency section */
		F6C8DC2E29DF7CF10014849C /* PBXTargetDependency */ = {
			isa = PBXTargetDependency;
			target = F6C8DC1B29DF7CEF0014849C /* Popper */;
			targetProxy = F6C8DC2D29DF7CF10014849C /* PBXContainerItemProxy */;
		};
		F6C8DC3829DF7CF10014849C /* PBXTargetDependency */ = {
			isa = PBXTargetDependency;
			target = F6C8DC1B29DF7CEF0014849C /* Popper */;
			targetProxy = F6C8DC3729DF7CF10014849C /* PBXContainerItemProxy */;
		};
/* End PBXTargetDependency section */

/* Begin XCBuildConfiguration section */
		F6C8DC3E29DF7CF10014849C /* Debug */ = {
			isa = XCBuildConfiguration;
			buildSettings = {
				ALWAYS_SEARCH_USER_PATHS = NO;
				CLANG_ANALYZER_NONNULL = YES;
				CLANG_ANALYZER_NUMBER_OBJECT_CONVERSION = YES_AGGRESSIVE;
				CLANG_CXX_LANGUAGE_STANDARD = "gnu++20";
				CLANG_ENABLE_MODULES = YES;
				CLANG_ENABLE_OBJC_ARC = YES;
				CLANG_ENABLE_OBJC_WEAK = YES;
				CLANG_WARN_BLOCK_CAPTURE_AUTORELEASING = YES;
				CLANG_WARN_BOOL_CONVERSION = YES;
				CLANG_WARN_COMMA = YES;
				CLANG_WARN_CONSTANT_CONVERSION = YES;
				CLANG_WARN_DEPRECATED_OBJC_IMPLEMENTATIONS = YES;
				CLANG_WARN_DIRECT_OBJC_ISA_USAGE = YES_ERROR;
				CLANG_WARN_DOCUMENTATION_COMMENTS = YES;
				CLANG_WARN_EMPTY_BODY = YES;
				CLANG_WARN_ENUM_CONVERSION = YES;
				CLANG_WARN_INFINITE_RECURSION = YES;
				CLANG_WARN_INT_CONVERSION = YES;
				CLANG_WARN_NON_LITERAL_NULL_CONVERSION = YES;
				CLANG_WARN_OBJC_IMPLICIT_RETAIN_SELF = YES;
				CLANG_WARN_OBJC_LITERAL_CONVERSION = YES;
				CLANG_WARN_OBJC_ROOT_CLASS = YES_ERROR;
				CLANG_WARN_QUOTED_INCLUDE_IN_FRAMEWORK_HEADER = YES;
				CLANG_WARN_RANGE_LOOP_ANALYSIS = YES;
				CLANG_WARN_STRICT_PROTOTYPES = YES;
				CLANG_WARN_SUSPICIOUS_MOVE = YES;
				CLANG_WARN_UNGUARDED_AVAILABILITY = YES_AGGRESSIVE;
				CLANG_WARN_UNREACHABLE_CODE = YES;
				CLANG_WARN__DUPLICATE_METHOD_MATCH = YES;
				COPY_PHASE_STRIP = NO;
				DEBUG_INFORMATION_FORMAT = dwarf;
				ENABLE_STRICT_OBJC_MSGSEND = YES;
				ENABLE_TESTABILITY = YES;
				GCC_C_LANGUAGE_STANDARD = gnu11;
				GCC_DYNAMIC_NO_PIC = NO;
				GCC_NO_COMMON_BLOCKS = YES;
				GCC_OPTIMIZATION_LEVEL = 0;
				GCC_PREPROCESSOR_DEFINITIONS = (
					"DEBUG=1",
					"$(inherited)",
				);
				GCC_WARN_64_TO_32_BIT_CONVERSION = YES;
				GCC_WARN_ABOUT_RETURN_TYPE = YES_ERROR;
				GCC_WARN_UNDECLARED_SELECTOR = YES;
				GCC_WARN_UNINITIALIZED_AUTOS = YES_AGGRESSIVE;
				GCC_WARN_UNUSED_FUNCTION = YES;
				GCC_WARN_UNUSED_VARIABLE = YES;
				IPHONEOS_DEPLOYMENT_TARGET = 16.0;
				MTL_ENABLE_DEBUG_INFO = INCLUDE_SOURCE;
				MTL_FAST_MATH = YES;
				ONLY_ACTIVE_ARCH = YES;
				SDKROOT = iphoneos;
				SWIFT_ACTIVE_COMPILATION_CONDITIONS = DEBUG;
				SWIFT_OPTIMIZATION_LEVEL = "-Onone";
			};
			name = Debug;
		};
		F6C8DC3F29DF7CF10014849C /* Release */ = {
			isa = XCBuildConfiguration;
			buildSettings = {
				ALWAYS_SEARCH_USER_PATHS = NO;
				CLANG_ANALYZER_NONNULL = YES;
				CLANG_ANALYZER_NUMBER_OBJECT_CONVERSION = YES_AGGRESSIVE;
				CLANG_CXX_LANGUAGE_STANDARD = "gnu++20";
				CLANG_ENABLE_MODULES = YES;
				CLANG_ENABLE_OBJC_ARC = YES;
				CLANG_ENABLE_OBJC_WEAK = YES;
				CLANG_WARN_BLOCK_CAPTURE_AUTORELEASING = YES;
				CLANG_WARN_BOOL_CONVERSION = YES;
				CLANG_WARN_COMMA = YES;
				CLANG_WARN_CONSTANT_CONVERSION = YES;
				CLANG_WARN_DEPRECATED_OBJC_IMPLEMENTATIONS = YES;
				CLANG_WARN_DIRECT_OBJC_ISA_USAGE = YES_ERROR;
				CLANG_WARN_DOCUMENTATION_COMMENTS = YES;
				CLANG_WARN_EMPTY_BODY = YES;
				CLANG_WARN_ENUM_CONVERSION = YES;
				CLANG_WARN_INFINITE_RECURSION = YES;
				CLANG_WARN_INT_CONVERSION = YES;
				CLANG_WARN_NON_LITERAL_NULL_CONVERSION = YES;
				CLANG_WARN_OBJC_IMPLICIT_RETAIN_SELF = YES;
				CLANG_WARN_OBJC_LITERAL_CONVERSION = YES;
				CLANG_WARN_OBJC_ROOT_CLASS = YES_ERROR;
				CLANG_WARN_QUOTED_INCLUDE_IN_FRAMEWORK_HEADER = YES;
				CLANG_WARN_RANGE_LOOP_ANALYSIS = YES;
				CLANG_WARN_STRICT_PROTOTYPES = YES;
				CLANG_WARN_SUSPICIOUS_MOVE = YES;
				CLANG_WARN_UNGUARDED_AVAILABILITY = YES_AGGRESSIVE;
				CLANG_WARN_UNREACHABLE_CODE = YES;
				CLANG_WARN__DUPLICATE_METHOD_MATCH = YES;
				COPY_PHASE_STRIP = NO;
				DEBUG_INFORMATION_FORMAT = "dwarf-with-dsym";
				ENABLE_NS_ASSERTIONS = NO;
				ENABLE_STRICT_OBJC_MSGSEND = YES;
				GCC_C_LANGUAGE_STANDARD = gnu11;
				GCC_NO_COMMON_BLOCKS = YES;
				GCC_WARN_64_TO_32_BIT_CONVERSION = YES;
				GCC_WARN_ABOUT_RETURN_TYPE = YES_ERROR;
				GCC_WARN_UNDECLARED_SELECTOR = YES;
				GCC_WARN_UNINITIALIZED_AUTOS = YES_AGGRESSIVE;
				GCC_WARN_UNUSED_FUNCTION = YES;
				GCC_WARN_UNUSED_VARIABLE = YES;
				IPHONEOS_DEPLOYMENT_TARGET = 16.0;
				MTL_ENABLE_DEBUG_INFO = NO;
				MTL_FAST_MATH = YES;
				SDKROOT = iphoneos;
				SWIFT_COMPILATION_MODE = wholemodule;
				SWIFT_OPTIMIZATION_LEVEL = "-O";
				VALIDATE_PRODUCT = YES;
			};
			name = Release;
		};
		F6C8DC4129DF7CF10014849C /* Debug */ = {
			isa = XCBuildConfiguration;
			buildSettings = {
				ASSETCATALOG_COMPILER_APPICON_NAME = AppIcon;
				ASSETCATALOG_COMPILER_GLOBAL_ACCENT_COLOR_NAME = AccentColor;
				CODE_SIGN_STYLE = Automatic;
				CURRENT_PROJECT_VERSION = 1;
				DEVELOPMENT_ASSET_PATHS = "\"Popper/Preview Content\"";
				DEVELOPMENT_TEAM = 8Q9WG9FM4D;
				ENABLE_PREVIEWS = YES;
				GENERATE_INFOPLIST_FILE = YES;
				INFOPLIST_FILE = Popper/Info.plist;
				INFOPLIST_KEY_CFBundleDisplayName = Popper;
				INFOPLIST_KEY_LSApplicationCategoryType = "public.app-category.social-networking";
				INFOPLIST_KEY_UIApplicationSceneManifest_Generation = YES;
				INFOPLIST_KEY_UIApplicationSupportsIndirectInputEvents = YES;
				INFOPLIST_KEY_UILaunchScreen_Generation = YES;
				INFOPLIST_KEY_UISupportedInterfaceOrientations_iPad = "UIInterfaceOrientationPortrait UIInterfaceOrientationPortraitUpsideDown UIInterfaceOrientationLandscapeLeft UIInterfaceOrientationLandscapeRight";
				INFOPLIST_KEY_UISupportedInterfaceOrientations_iPhone = "UIInterfaceOrientationPortrait UIInterfaceOrientationLandscapeLeft UIInterfaceOrientationLandscapeRight";
				IPHONEOS_DEPLOYMENT_TARGET = 16.0;
				LD_RUNPATH_SEARCH_PATHS = (
					"$(inherited)",
					"@executable_path/Frameworks",
				);
				MARKETING_VERSION = 1.0;
				PRODUCT_BUNDLE_IDENTIFIER = Popper.Popper;
				PRODUCT_NAME = "$(TARGET_NAME)";
				SWIFT_EMIT_LOC_STRINGS = YES;
				SWIFT_VERSION = 5.0;
				TARGETED_DEVICE_FAMILY = "1,2";
			};
			name = Debug;
		};
		F6C8DC4229DF7CF10014849C /* Release */ = {
			isa = XCBuildConfiguration;
			buildSettings = {
				ASSETCATALOG_COMPILER_APPICON_NAME = AppIcon;
				ASSETCATALOG_COMPILER_GLOBAL_ACCENT_COLOR_NAME = AccentColor;
				CODE_SIGN_STYLE = Automatic;
				CURRENT_PROJECT_VERSION = 1;
				DEVELOPMENT_ASSET_PATHS = "\"Popper/Preview Content\"";
				DEVELOPMENT_TEAM = 8Q9WG9FM4D;
				ENABLE_PREVIEWS = YES;
				GENERATE_INFOPLIST_FILE = YES;
				INFOPLIST_FILE = Popper/Info.plist;
				INFOPLIST_KEY_CFBundleDisplayName = Popper;
				INFOPLIST_KEY_LSApplicationCategoryType = "public.app-category.social-networking";
				INFOPLIST_KEY_UIApplicationSceneManifest_Generation = YES;
				INFOPLIST_KEY_UIApplicationSupportsIndirectInputEvents = YES;
				INFOPLIST_KEY_UILaunchScreen_Generation = YES;
				INFOPLIST_KEY_UISupportedInterfaceOrientations_iPad = "UIInterfaceOrientationPortrait UIInterfaceOrientationPortraitUpsideDown UIInterfaceOrientationLandscapeLeft UIInterfaceOrientationLandscapeRight";
				INFOPLIST_KEY_UISupportedInterfaceOrientations_iPhone = "UIInterfaceOrientationPortrait UIInterfaceOrientationLandscapeLeft UIInterfaceOrientationLandscapeRight";
				IPHONEOS_DEPLOYMENT_TARGET = 16.0;
				LD_RUNPATH_SEARCH_PATHS = (
					"$(inherited)",
					"@executable_path/Frameworks",
				);
				MARKETING_VERSION = 1.0;
				PRODUCT_BUNDLE_IDENTIFIER = Popper.Popper;
				PRODUCT_NAME = "$(TARGET_NAME)";
				SWIFT_EMIT_LOC_STRINGS = YES;
				SWIFT_VERSION = 5.0;
				TARGETED_DEVICE_FAMILY = "1,2";
			};
			name = Release;
		};
		F6C8DC4429DF7CF10014849C /* Debug */ = {
			isa = XCBuildConfiguration;
			buildSettings = {
				ALWAYS_EMBED_SWIFT_STANDARD_LIBRARIES = YES;
				BUNDLE_LOADER = "$(TEST_HOST)";
				CODE_SIGN_STYLE = Automatic;
				CURRENT_PROJECT_VERSION = 1;
				GENERATE_INFOPLIST_FILE = YES;
				IPHONEOS_DEPLOYMENT_TARGET = 16.4;
				MARKETING_VERSION = 1.0;
				PRODUCT_BUNDLE_IDENTIFIER = Popper.PopperTests;
				PRODUCT_NAME = "$(TARGET_NAME)";
				SWIFT_EMIT_LOC_STRINGS = NO;
				SWIFT_VERSION = 5.0;
				TARGETED_DEVICE_FAMILY = "1,2";
				TEST_HOST = "$(BUILT_PRODUCTS_DIR)/Popper.app/$(BUNDLE_EXECUTABLE_FOLDER_PATH)/Popper";
			};
			name = Debug;
		};
		F6C8DC4529DF7CF10014849C /* Release */ = {
			isa = XCBuildConfiguration;
			buildSettings = {
				ALWAYS_EMBED_SWIFT_STANDARD_LIBRARIES = YES;
				BUNDLE_LOADER = "$(TEST_HOST)";
				CODE_SIGN_STYLE = Automatic;
				CURRENT_PROJECT_VERSION = 1;
				GENERATE_INFOPLIST_FILE = YES;
				IPHONEOS_DEPLOYMENT_TARGET = 16.4;
				MARKETING_VERSION = 1.0;
				PRODUCT_BUNDLE_IDENTIFIER = Popper.PopperTests;
				PRODUCT_NAME = "$(TARGET_NAME)";
				SWIFT_EMIT_LOC_STRINGS = NO;
				SWIFT_VERSION = 5.0;
				TARGETED_DEVICE_FAMILY = "1,2";
				TEST_HOST = "$(BUILT_PRODUCTS_DIR)/Popper.app/$(BUNDLE_EXECUTABLE_FOLDER_PATH)/Popper";
			};
			name = Release;
		};
		F6C8DC4729DF7CF10014849C /* Debug */ = {
			isa = XCBuildConfiguration;
			buildSettings = {
				ALWAYS_EMBED_SWIFT_STANDARD_LIBRARIES = YES;
				CODE_SIGN_STYLE = Automatic;
				CURRENT_PROJECT_VERSION = 1;
				GENERATE_INFOPLIST_FILE = YES;
				MARKETING_VERSION = 1.0;
				PRODUCT_BUNDLE_IDENTIFIER = Popper.PopperUITests;
				PRODUCT_NAME = "$(TARGET_NAME)";
				SWIFT_EMIT_LOC_STRINGS = NO;
				SWIFT_VERSION = 5.0;
				TARGETED_DEVICE_FAMILY = "1,2";
				TEST_TARGET_NAME = Popper;
			};
			name = Debug;
		};
		F6C8DC4829DF7CF10014849C /* Release */ = {
			isa = XCBuildConfiguration;
			buildSettings = {
				ALWAYS_EMBED_SWIFT_STANDARD_LIBRARIES = YES;
				CODE_SIGN_STYLE = Automatic;
				CURRENT_PROJECT_VERSION = 1;
				GENERATE_INFOPLIST_FILE = YES;
				MARKETING_VERSION = 1.0;
				PRODUCT_BUNDLE_IDENTIFIER = Popper.PopperUITests;
				PRODUCT_NAME = "$(TARGET_NAME)";
				SWIFT_EMIT_LOC_STRINGS = NO;
				SWIFT_VERSION = 5.0;
				TARGETED_DEVICE_FAMILY = "1,2";
				TEST_TARGET_NAME = Popper;
			};
			name = Release;
		};
/* End XCBuildConfiguration section */

/* Begin XCConfigurationList section */
		F6C8DC1729DF7CEF0014849C /* Build configuration list for PBXProject "Popper" */ = {
			isa = XCConfigurationList;
			buildConfigurations = (
				F6C8DC3E29DF7CF10014849C /* Debug */,
				F6C8DC3F29DF7CF10014849C /* Release */,
			);
			defaultConfigurationIsVisible = 0;
			defaultConfigurationName = Release;
		};
		F6C8DC4029DF7CF10014849C /* Build configuration list for PBXNativeTarget "Popper" */ = {
			isa = XCConfigurationList;
			buildConfigurations = (
				F6C8DC4129DF7CF10014849C /* Debug */,
				F6C8DC4229DF7CF10014849C /* Release */,
			);
			defaultConfigurationIsVisible = 0;
			defaultConfigurationName = Release;
		};
		F6C8DC4329DF7CF10014849C /* Build configuration list for PBXNativeTarget "PopperTests" */ = {
			isa = XCConfigurationList;
			buildConfigurations = (
				F6C8DC4429DF7CF10014849C /* Debug */,
				F6C8DC4529DF7CF10014849C /* Release */,
			);
			defaultConfigurationIsVisible = 0;
			defaultConfigurationName = Release;
		};
		F6C8DC4629DF7CF10014849C /* Build configuration list for PBXNativeTarget "PopperUITests" */ = {
			isa = XCConfigurationList;
			buildConfigurations = (
				F6C8DC4729DF7CF10014849C /* Debug */,
				F6C8DC4829DF7CF10014849C /* Release */,
			);
			defaultConfigurationIsVisible = 0;
			defaultConfigurationName = Release;
		};
/* End XCConfigurationList section */

/* Begin XCRemoteSwiftPackageReference section */
		F617026F2B11BD9D003816F7 /* XCRemoteSwiftPackageReference "WrappingHStack" */ = {
			isa = XCRemoteSwiftPackageReference;
			repositoryURL = "https://github.com/ksemianov/WrappingHStack";
			requirement = {
				kind = upToNextMajorVersion;
				minimumVersion = 0.2.0;
			};
		};
		F63432552AC7A14B00E756BA /* XCRemoteSwiftPackageReference "firebase-ios-sdk" */ = {
			isa = XCRemoteSwiftPackageReference;
			repositoryURL = "https://github.com/firebase/firebase-ios-sdk";
			requirement = {
				kind = upToNextMajorVersion;
				minimumVersion = 10.0.0;
			};
		};
		F634327E2AC7F26E00E756BA /* XCRemoteSwiftPackageReference "SDWebImageSwiftUI" */ = {
			isa = XCRemoteSwiftPackageReference;
			repositoryURL = "https://github.com/SDWebImage/SDWebImageSwiftUI";
			requirement = {
				kind = upToNextMajorVersion;
				minimumVersion = 2.0.0;
			};
		};
		F6FF246E2B06CCED007F61BA /* XCRemoteSwiftPackageReference "giphy-ios-sdk" */ = {
			isa = XCRemoteSwiftPackageReference;
			repositoryURL = "https://github.com/Giphy/giphy-ios-sdk";
			requirement = {
				kind = upToNextMajorVersion;
				minimumVersion = 2.1.22;
			};
		};
/* End XCRemoteSwiftPackageReference section */

/* Begin XCSwiftPackageProductDependency section */
		F61702702B11BD9D003816F7 /* WrappingHStack */ = {
			isa = XCSwiftPackageProductDependency;
			package = F617026F2B11BD9D003816F7 /* XCRemoteSwiftPackageReference "WrappingHStack" */;
			productName = WrappingHStack;
		};
		F63432562AC7A14B00E756BA /* FirebaseAuth */ = {
			isa = XCSwiftPackageProductDependency;
			package = F63432552AC7A14B00E756BA /* XCRemoteSwiftPackageReference "firebase-ios-sdk" */;
			productName = FirebaseAuth;
		};
		F63432612AC7C62700E756BA /* FirebaseAnalytics */ = {
			isa = XCSwiftPackageProductDependency;
			package = F63432552AC7A14B00E756BA /* XCRemoteSwiftPackageReference "firebase-ios-sdk" */;
			productName = FirebaseAnalytics;
		};
		F63432632AC7CA7200E756BA /* FirebaseFirestore */ = {
			isa = XCSwiftPackageProductDependency;
			package = F63432552AC7A14B00E756BA /* XCRemoteSwiftPackageReference "firebase-ios-sdk" */;
			productName = FirebaseFirestore;
		};
		F63432652AC7CA7200E756BA /* FirebaseFirestoreSwift */ = {
			isa = XCSwiftPackageProductDependency;
			package = F63432552AC7A14B00E756BA /* XCRemoteSwiftPackageReference "firebase-ios-sdk" */;
			productName = FirebaseFirestoreSwift;
		};
		F63432672AC7CA7200E756BA /* FirebaseStorage */ = {
			isa = XCSwiftPackageProductDependency;
			package = F63432552AC7A14B00E756BA /* XCRemoteSwiftPackageReference "firebase-ios-sdk" */;
			productName = FirebaseStorage;
		};
		F634327F2AC7F26E00E756BA /* SDWebImageSwiftUI */ = {
			isa = XCSwiftPackageProductDependency;
			package = F634327E2AC7F26E00E756BA /* XCRemoteSwiftPackageReference "SDWebImageSwiftUI" */;
			productName = SDWebImageSwiftUI;
		};
		F6FF246F2B06CCED007F61BA /* GiphyUISDK */ = {
			isa = XCSwiftPackageProductDependency;
			package = F6FF246E2B06CCED007F61BA /* XCRemoteSwiftPackageReference "giphy-ios-sdk" */;
			productName = GiphyUISDK;
		};
/* End XCSwiftPackageProductDependency section */
	};
	rootObject = F6C8DC1429DF7CEF0014849C /* Project object */;
}
